// !$*UTF8*$!
{
	archiveVersion = 1;
	classes = {
	};
	objectVersion = 48;
	objects = {

/* Begin PBXBuildFile section */
		CEE8FE271F9CC14E00A82DEA /* AppDelegate.swift in Sources */ = {isa = PBXBuildFile; fileRef = CEE8FE261F9CC14E00A82DEA /* AppDelegate.swift */; };
		CEE8FE291F9CC14E00A82DEA /* ViewController.swift in Sources */ = {isa = PBXBuildFile; fileRef = CEE8FE281F9CC14E00A82DEA /* ViewController.swift */; };
		CEE8FE2C1F9CC14E00A82DEA /* Main.storyboard in Resources */ = {isa = PBXBuildFile; fileRef = CEE8FE2A1F9CC14E00A82DEA /* Main.storyboard */; };
		CEE8FE2E1F9CC14E00A82DEA /* Assets.xcassets in Resources */ = {isa = PBXBuildFile; fileRef = CEE8FE2D1F9CC14E00A82DEA /* Assets.xcassets */; };
		CEE8FE311F9CC14E00A82DEA /* LaunchScreen.storyboard in Resources */ = {isa = PBXBuildFile; fileRef = CEE8FE2F1F9CC14E00A82DEA /* LaunchScreen.storyboard */; };
		CEE8FE391F9CC59D00A82DEA /* ListViewController.swift in Sources */ = {isa = PBXBuildFile; fileRef = CEE8FE381F9CC59D00A82DEA /* ListViewController.swift */; };
/* End PBXBuildFile section */

/* Begin PBXFileReference section */
		CEE8FE231F9CC14E00A82DEA /* CHAPTER05.app */ = {isa = PBXFileReference; explicitFileType = wrapper.application; includeInIndex = 0; path = CHAPTER05.app; sourceTree = BUILT_PRODUCTS_DIR; };
		CEE8FE261F9CC14E00A82DEA /* AppDelegate.swift */ = {isa = PBXFileReference; lastKnownFileType = sourcecode.swift; path = AppDelegate.swift; sourceTree = "<group>"; };
		CEE8FE281F9CC14E00A82DEA /* ViewController.swift */ = {isa = PBXFileReference; lastKnownFileType = sourcecode.swift; path = ViewController.swift; sourceTree = "<group>"; };
		CEE8FE2B1F9CC14E00A82DEA /* Base */ = {isa = PBXFileReference; lastKnownFileType = file.storyboard; name = Base; path = Base.lproj/Main.storyboard; sourceTree = "<group>"; };
		CEE8FE2D1F9CC14E00A82DEA /* Assets.xcassets */ = {isa = PBXFileReference; lastKnownFileType = folder.assetcatalog; path = Assets.xcassets; sourceTree = "<group>"; };
		CEE8FE301F9CC14E00A82DEA /* Base */ = {isa = PBXFileReference; lastKnownFileType = file.storyboard; name = Base; path = Base.lproj/LaunchScreen.storyboard; sourceTree = "<group>"; };
		CEE8FE321F9CC14E00A82DEA /* Info.plist */ = {isa = PBXFileReference; lastKnownFileType = text.plist.xml; path = Info.plist; sourceTree = "<group>"; };
		CEE8FE381F9CC59D00A82DEA /* ListViewController.swift */ = {isa = PBXFileReference; lastKnownFileType = sourcecode.swift; path = ListViewController.swift; sourceTree = "<group>"; };
/* End PBXFileReference section */

/* Begin PBXFrameworksBuildPhase section */
		CEE8FE201F9CC14E00A82DEA /* Frameworks */ = {
			isa = PBXFrameworksBuildPhase;
			buildActionMask = 2147483647;
			files = (
			);
			runOnlyForDeploymentPostprocessing = 0;
		};
/* End PBXFrameworksBuildPhase section */

/* Begin PBXGroup section */
		CEE8FE1A1F9CC14E00A82DEA = {
			isa = PBXGroup;
			children = (
				CEE8FE251F9CC14E00A82DEA /* CHAPTER05 */,
				CEE8FE241F9CC14E00A82DEA /* Products */,
			);
			sourceTree = "<group>";
		};
		CEE8FE241F9CC14E00A82DEA /* Products */ = {
			isa = PBXGroup;
			children = (
				CEE8FE231F9CC14E00A82DEA /* CHAPTER05.app */,
			);
			name = Products;
			sourceTree = "<group>";
		};
		CEE8FE251F9CC14E00A82DEA /* CHAPTER05 */ = {
			isa = PBXGroup;
			children = (
				CEE8FE261F9CC14E00A82DEA /* AppDelegate.swift */,
				CEE8FE281F9CC14E00A82DEA /* ViewController.swift */,
				CEE8FE381F9CC59D00A82DEA /* ListViewController.swift */,
				CEE8FE2A1F9CC14E00A82DEA /* Main.storyboard */,
				CEE8FE2D1F9CC14E00A82DEA /* Assets.xcassets */,
				CEE8FE2F1F9CC14E00A82DEA /* LaunchScreen.storyboard */,
				CEE8FE321F9CC14E00A82DEA /* Info.plist */,
			);
			path = CHAPTER05;
			sourceTree = "<group>";
		};
/* End PBXGroup section */

/* Begin PBXNativeTarget section */
		CEE8FE221F9CC14E00A82DEA /* CHAPTER05 */ = {
			isa = PBXNativeTarget;
			buildConfigurationList = CEE8FE351F9CC14E00A82DEA /* Build configuration list for PBXNativeTarget "CHAPTER05" */;
			buildPhases = (
				CEE8FE1F1F9CC14E00A82DEA /* Sources */,
				CEE8FE201F9CC14E00A82DEA /* Frameworks */,
				CEE8FE211F9CC14E00A82DEA /* Resources */,
			);
			buildRules = (
			);
			dependencies = (
			);
			name = CHAPTER05;
			productName = CHAPTER05;
			productReference = CEE8FE231F9CC14E00A82DEA /* CHAPTER05.app */;
			productType = "com.apple.product-type.application";
		};
/* End PBXNativeTarget section */

/* Begin PBXProject section */
		CEE8FE1B1F9CC14E00A82DEA /* Project object */ = {
			isa = PBXProject;
			attributes = {
				LastSwiftUpdateCheck = 0900;
				LastUpgradeCheck = 0900;
				ORGANIZATIONNAME = "SONGYEE SHIN";
				TargetAttributes = {
					CEE8FE221F9CC14E00A82DEA = {
						CreatedOnToolsVersion = 9.0.1;
						ProvisioningStyle = Automatic;
					};
				};
			};
			buildConfigurationList = CEE8FE1E1F9CC14E00A82DEA /* Build configuration list for PBXProject "CHAPTER05" */;
			compatibilityVersion = "Xcode 8.0";
			developmentRegion = en;
			hasScannedForEncodings = 0;
			knownRegions = (
				en,
				Base,
			);
			mainGroup = CEE8FE1A1F9CC14E00A82DEA;
			productRefGroup = CEE8FE241F9CC14E00A82DEA /* Products */;
			projectDirPath = "";
			projectRoot = "";
			targets = (
				CEE8FE221F9CC14E00A82DEA /* CHAPTER05 */,
			);
		};
/* End PBXProject section */

/* Begin PBXResourcesBuildPhase section */
		CEE8FE211F9CC14E00A82DEA /* Resources */ = {
			isa = PBXResourcesBuildPhase;
			buildActionMask = 2147483647;
			files = (
				CEE8FE311F9CC14E00A82DEA /* LaunchScreen.storyboard in Resources */,
				CEE8FE2E1F9CC14E00A82DEA /* Assets.xcassets in Resources */,
				CEE8FE2C1F9CC14E00A82DEA /* Main.storyboard in Resources */,
			);
			runOnlyForDeploymentPostprocessing = 0;
		};
/* End PBXResourcesBuildPhase section */

/* Begin PBXSourcesBuildPhase section */
		CEE8FE1F1F9CC14E00A82DEA /* Sources */ = {
			isa = PBXSourcesBuildPhase;
			buildActionMask = 2147483647;
			files = (
				CEE8FE291F9CC14E00A82DEA /* ViewController.swift in Sources */,
				CEE8FE271F9CC14E00A82DEA /* AppDelegate.swift in Sources */,
				CEE8FE391F9CC59D00A82DEA /* ListViewController.swift in Sources */,
			);
			runOnlyForDeploymentPostprocessing = 0;
		};
/* End PBXSourcesBuildPhase section */

/* Begin PBXVariantGroup section */
		CEE8FE2A1F9CC14E00A82DEA /* Main.storyboard */ = {
			isa = PBXVariantGroup;
			children = (
				CEE8FE2B1F9CC14E00A82DEA /* Base */,
			);
			name = Main.storyboard;
			sourceTree = "<group>";
		};
		CEE8FE2F1F9CC14E00A82DEA /* LaunchScreen.storyboard */ = {
			isa = PBXVariantGroup;
			children = (
				CEE8FE301F9CC14E00A82DEA /* Base */,
			);
			name = LaunchScreen.storyboard;
			sourceTree = "<group>";
		};
/* End PBXVariantGroup section */

/* Begin XCBuildConfiguration section */
		CEE8FE331F9CC14E00A82DEA /* Debug */ = {
			isa = XCBuildConfiguration;
			buildSettings = {
				ALWAYS_SEARCH_USER_PATHS = NO;
				CLANG_ANALYZER_NONNULL = YES;
				CLANG_ANALYZER_NUMBER_OBJECT_CONVERSION = YES_AGGRESSIVE;
				CLANG_CXX_LANGUAGE_STANDARD = "gnu++14";
				CLANG_CXX_LIBRARY = "libc++";
				CLANG_ENABLE_MODULES = YES;
				CLANG_ENABLE_OBJC_ARC = YES;
				CLANG_WARN_BLOCK_CAPTURE_AUTORELEASING = YES;
				CLANG_WARN_BOOL_CONVERSION = YES;
				CLANG_WARN_COMMA = YES;
				CLANG_WARN_CONSTANT_CONVERSION = YES;
				CLANG_WARN_DIRECT_OBJC_ISA_USAGE = YES_ERROR;
				CLANG_WARN_DOCUMENTATION_COMMENTS = YES;
				CLANG_WARN_EMPTY_BODY = YES;
				CLANG_WARN_ENUM_CONVERSION = YES;
				CLANG_WARN_INFINITE_RECURSION = YES;
				CLANG_WARN_INT_CONVERSION = YES;
				CLANG_WARN_NON_LITERAL_NULL_CONVERSION = YES;
				CLANG_WARN_OBJC_LITERAL_CONVERSION = YES;
				CLANG_WARN_OBJC_ROOT_CLASS = YES_ERROR;
				CLANG_WARN_RANGE_LOOP_ANALYSIS = YES;
				CLANG_WARN_STRICT_PROTOTYPES = YES;
				CLANG_WARN_SUSPICIOUS_MOVE = YES;
				CLANG_WARN_UNGUARDED_AVAILABILITY = YES_AGGRESSIVE;
				CLANG_WARN_UNREACHABLE_CODE = YES;
				CLANG_WARN__DUPLICATE_METHOD_MATCH = YES;
				CODE_SIGN_IDENTITY = "iPhone Developer";
				COPY_PHASE_STRIP = NO;
				DEBUG_INFORMATION_FORMAT = dwarf;
				ENABLE_STRICT_OBJC_MSGSEND = YES;
				ENABLE_TESTABILITY = YES;
				GCC_C_LANGUAGE_STANDARD = gnu11;
				GCC_DYNAMIC_NO_PIC = NO;
				GCC_NO_COMMON_BLOCKS = YES;
				GCC_OPTIMIZATION_LEVEL = 0;
				GCC_PREPROCESSOR_DEFINITIONS = (
					"DEBUG=1",
					"$(inherited)",
				);
				GCC_WARN_64_TO_32_BIT_CONVERSION = YES;
				GCC_WARN_ABOUT_RETURN_TYPE = YES_ERROR;
				GCC_WARN_UNDECLARED_SELECTOR = YES;
				GCC_WARN_UNINITIALIZED_AUTOS = YES_AGGRESSIVE;
				GCC_WARN_UNUSED_FUNCTION = YES;
				GCC_WARN_UNUSED_VARIABLE = YES;
				IPHONEOS_DEPLOYMENT_TARGET = 11.0;
				MTL_ENABLE_DEBUG_INFO = YES;
				ONLY_ACTIVE_ARCH = YES;
				SDKROOT = iphoneos;
				SWIFT_ACTIVE_COMPILATION_CONDITIONS = DEBUG;
				SWIFT_OPTIMIZATION_LEVEL = "-Onone";
			};
			name = Debug;
		};
		CEE8FE341F9CC14E00A82DEA /* Release */ = {
			isa = XCBuildConfiguration;
			buildSettings = {
				ALWAYS_SEARCH_USER_PATHS = NO;
				CLANG_ANALYZER_NONNULL = YES;
				CLANG_ANALYZER_NUMBER_OBJECT_CONVERSION = YES_AGGRESSIVE;
				CLANG_CXX_LANGUAGE_STANDARD = "gnu++14";
				CLANG_CXX_LIBRARY = "libc++";
				CLANG_ENABLE_MODULES = YES;
				CLANG_ENABLE_OBJC_ARC = YES;
				CLANG_WARN_BLOCK_CAPTURE_AUTORELEASING = YES;
				CLANG_WARN_BOOL_CONVERSION = YES;
				CLANG_WARN_COMMA = YES;
				CLANG_WARN_CONSTANT_CONVERSION = YES;
				CLANG_WARN_DIRECT_OBJC_ISA_USAGE = YES_ERROR;
				CLANG_WARN_DOCUMENTATION_COMMENTS = YES;
				CLANG_WARN_EMPTY_BODY = YES;
				CLANG_WARN_ENUM_CONVERSION = YES;
				CLANG_WARN_INFINITE_RECURSION = YES;
				CLANG_WARN_INT_CONVERSION = YES;
				CLANG_WARN_NON_LITERAL_NULL_CONVERSION = YES;
				CLANG_WARN_OBJC_LITERAL_CONVERSION = YES;
				CLANG_WARN_OBJC_ROOT_CLASS = YES_ERROR;
				CLANG_WARN_RANGE_LOOP_ANALYSIS = YES;
				CLANG_WARN_STRICT_PROTOTYPES = YES;
				CLANG_WARN_SUSPICIOUS_MOVE = YES;
				CLANG_WARN_UNGUARDED_AVAILABILITY = YES_AGGRESSIVE;
				CLANG_WARN_UNREACHABLE_CODE = YES;
				CLANG_WARN__DUPLICATE_METHOD_MATCH = YES;
				CODE_SIGN_IDENTITY = "iPhone Developer";
				COPY_PHASE_STRIP = NO;
				DEBUG_INFORMATION_FORMAT = "dwarf-with-dsym";
				ENABLE_NS_ASSERTIONS = NO;
				ENABLE_STRICT_OBJC_MSGSEND = YES;
				GCC_C_LANGUAGE_STANDARD = gnu11;
				GCC_NO_COMMON_BLOCKS = YES;
				GCC_WARN_64_TO_32_BIT_CONVERSION = YES;
				GCC_WARN_ABOUT_RETURN_TYPE = YES_ERROR;
				GCC_WARN_UNDECLARED_SELECTOR = YES;
				GCC_WARN_UNINITIALIZED_AUTOS = YES_AGGRESSIVE;
				GCC_WARN_UNUSED_FUNCTION = YES;
				GCC_WARN_UNUSED_VARIABLE = YES;
				IPHONEOS_DEPLOYMENT_TARGET = 11.0;
				MTL_ENABLE_DEBUG_INFO = NO;
				SDKROOT = iphoneos;
				SWIFT_OPTIMIZATION_LEVEL = "-Owholemodule";
				VALIDATE_PRODUCT = YES;
			};
			name = Release;
		};
		CEE8FE361F9CC14E00A82DEA /* Debug */ = {
			isa = XCBuildConfiguration;
			buildSettings = {
				ASSETCATALOG_COMPILER_APPICON_NAME = AppIcon;
				CODE_SIGN_STYLE = Automatic;
				INFOPLIST_FILE = CHAPTER05/Info.plist;
				LD_RUNPATH_SEARCH_PATHS = "$(inherited) @executable_path/Frameworks";
				PRODUCT_BUNDLE_IDENTIFIER = Hello.CHAPTER05;
				PRODUCT_NAME = "$(TARGET_NAME)";
				SWIFT_VERSION = 4.0;
				TARGETED_DEVICE_FAMILY = "1,2";
			};
			name = Debug;
		};
		CEE8FE371F9CC14E00A82DEA /* Release */ = {
			isa = XCBuildConfiguration;
			buildSettings = {
				ASSETCATALOG_COMPILER_APPICON_NAME = AppIcon;
				CODE_SIGN_STYLE = Automatic;
				INFOPLIST_FILE = CHAPTER05/Info.plist;
				LD_RUNPATH_SEARCH_PATHS = "$(inherited) @executable_path/Frameworks";
				PRODUCT_BUNDLE_IDENTIFIER = Hello.CHAPTER05;
				PRODUCT_NAME = "$(TARGET_NAME)";
				SWIFT_VERSION = 4.0;
				TARGETED_DEVICE_FAMILY = "1,2";
			};
			name = Release;
		};
/* End XCBuildConfiguration section */

/* Begin XCConfigurationList section */
		CEE8FE1E1F9CC14E00A82DEA /* Build configuration list for PBXProject "CHAPTER05" */ = {
			isa = XCConfigurationList;
			buildConfigurations = (
				CEE8FE331F9CC14E00A82DEA /* Debug */,
				CEE8FE341F9CC14E00A82DEA /* Release */,
			);
			defaultConfigurationIsVisible = 0;
			defaultConfigurationName = Release;
		};
		CEE8FE351F9CC14E00A82DEA /* Build configuration list for PBXNativeTarget "CHAPTER05" */ = {
			isa = XCConfigurationList;
			buildConfigurations = (
				CEE8FE361F9CC14E00A82DEA /* Debug */,
				CEE8FE371F9CC14E00A82DEA /* Release */,
			);
			defaultConfigurationIsVisible = 0;
			defaultConfigurationName = Release;
		};
/* End XCConfigurationList section */
	};
	rootObject = CEE8FE1B1F9CC14E00A82DEA /* Project object */;
}
