// !$*UTF8*$!
{
	archiveVersion = 1;
	classes = {
	};
	objectVersion = 48;
	objects = {

/* Begin PBXBuildFile section */
		CD051675FB8B5DD700039201 /* Pods_TestCalendar.framework in Frameworks */ = {isa = PBXBuildFile; fileRef = 9643F57193A6853F1729E1D2 /* Pods_TestCalendar.framework */; };
		CED8FE551FD525AF007CBC34 /* AppDelegate.swift in Sources */ = {isa = PBXBuildFile; fileRef = CED8FE541FD525AF007CBC34 /* AppDelegate.swift */; };
		CED8FE571FD525AF007CBC34 /* MainViewController.swift in Sources */ = {isa = PBXBuildFile; fileRef = CED8FE561FD525AF007CBC34 /* MainViewController.swift */; };
		CED8FE5A1FD525AF007CBC34 /* Main.storyboard in Resources */ = {isa = PBXBuildFile; fileRef = CED8FE581FD525AF007CBC34 /* Main.storyboard */; };
		CED8FE5C1FD525AF007CBC34 /* Assets.xcassets in Resources */ = {isa = PBXBuildFile; fileRef = CED8FE5B1FD525AF007CBC34 /* Assets.xcassets */; };
		CED8FE5F1FD525AF007CBC34 /* LaunchScreen.storyboard in Resources */ = {isa = PBXBuildFile; fileRef = CED8FE5D1FD525AF007CBC34 /* LaunchScreen.storyboard */; };
		CED8FE671FD53709007CBC34 /* CustomCell.swift in Sources */ = {isa = PBXBuildFile; fileRef = CED8FE661FD53709007CBC34 /* CustomCell.swift */; };
/* End PBXBuildFile section */

/* Begin PBXFileReference section */
		217DD281351C7B5107CC369E /* Pods-TestCalendar.debug.xcconfig */ = {isa = PBXFileReference; includeInIndex = 1; lastKnownFileType = text.xcconfig; name = "Pods-TestCalendar.debug.xcconfig"; path = "Pods/Target Support Files/Pods-TestCalendar/Pods-TestCalendar.debug.xcconfig"; sourceTree = "<group>"; };
		9643F57193A6853F1729E1D2 /* Pods_TestCalendar.framework */ = {isa = PBXFileReference; explicitFileType = wrapper.framework; includeInIndex = 0; path = Pods_TestCalendar.framework; sourceTree = BUILT_PRODUCTS_DIR; };
		AA1BFDB84CBFA44FE6054166 /* Pods-TestCalendar.release.xcconfig */ = {isa = PBXFileReference; includeInIndex = 1; lastKnownFileType = text.xcconfig; name = "Pods-TestCalendar.release.xcconfig"; path = "Pods/Target Support Files/Pods-TestCalendar/Pods-TestCalendar.release.xcconfig"; sourceTree = "<group>"; };
		CED8FE511FD525AF007CBC34 /* TestCalendar.app */ = {isa = PBXFileReference; explicitFileType = wrapper.application; includeInIndex = 0; path = TestCalendar.app; sourceTree = BUILT_PRODUCTS_DIR; };
		CED8FE541FD525AF007CBC34 /* AppDelegate.swift */ = {isa = PBXFileReference; lastKnownFileType = sourcecode.swift; path = AppDelegate.swift; sourceTree = "<group>"; };
		CED8FE561FD525AF007CBC34 /* MainViewController.swift */ = {isa = PBXFileReference; lastKnownFileType = sourcecode.swift; path = MainViewController.swift; sourceTree = "<group>"; };
		CED8FE591FD525AF007CBC34 /* Base */ = {isa = PBXFileReference; lastKnownFileType = file.storyboard; name = Base; path = Base.lproj/Main.storyboard; sourceTree = "<group>"; };
		CED8FE5B1FD525AF007CBC34 /* Assets.xcassets */ = {isa = PBXFileReference; lastKnownFileType = folder.assetcatalog; path = Assets.xcassets; sourceTree = "<group>"; };
		CED8FE5E1FD525AF007CBC34 /* Base */ = {isa = PBXFileReference; lastKnownFileType = file.storyboard; name = Base; path = Base.lproj/LaunchScreen.storyboard; sourceTree = "<group>"; };
		CED8FE601FD525AF007CBC34 /* Info.plist */ = {isa = PBXFileReference; lastKnownFileType = text.plist.xml; path = Info.plist; sourceTree = "<group>"; };
		CED8FE661FD53709007CBC34 /* CustomCell.swift */ = {isa = PBXFileReference; lastKnownFileType = sourcecode.swift; path = CustomCell.swift; sourceTree = "<group>"; };
/* End PBXFileReference section */

/* Begin PBXFrameworksBuildPhase section */
		CED8FE4E1FD525AF007CBC34 /* Frameworks */ = {
			isa = PBXFrameworksBuildPhase;
			buildActionMask = 2147483647;
			files = (
				CD051675FB8B5DD700039201 /* Pods_TestCalendar.framework in Frameworks */,
			);
			runOnlyForDeploymentPostprocessing = 0;
		};
/* End PBXFrameworksBuildPhase section */

/* Begin PBXGroup section */
		9B63CDF517187B8949E6CFA9 /* Frameworks */ = {
			isa = PBXGroup;
			children = (
				9643F57193A6853F1729E1D2 /* Pods_TestCalendar.framework */,
			);
			name = Frameworks;
			sourceTree = "<group>";
		};
		CED8FE481FD525AF007CBC34 = {
			isa = PBXGroup;
			children = (
				CED8FE531FD525AF007CBC34 /* TestCalendar */,
				CED8FE521FD525AF007CBC34 /* Products */,
				D2DBB796A85A97AB43A5ED5D /* Pods */,
				9B63CDF517187B8949E6CFA9 /* Frameworks */,
			);
			sourceTree = "<group>";
		};
		CED8FE521FD525AF007CBC34 /* Products */ = {
			isa = PBXGroup;
			children = (
				CED8FE511FD525AF007CBC34 /* TestCalendar.app */,
			);
			name = Products;
			sourceTree = "<group>";
		};
		CED8FE531FD525AF007CBC34 /* TestCalendar */ = {
			isa = PBXGroup;
			children = (
				CED8FE541FD525AF007CBC34 /* AppDelegate.swift */,
				CED8FE561FD525AF007CBC34 /* MainViewController.swift */,
				CED8FE581FD525AF007CBC34 /* Main.storyboard */,
				CED8FE5B1FD525AF007CBC34 /* Assets.xcassets */,
				CED8FE5D1FD525AF007CBC34 /* LaunchScreen.storyboard */,
				CED8FE601FD525AF007CBC34 /* Info.plist */,
				CED8FE661FD53709007CBC34 /* CustomCell.swift */,
			);
			path = TestCalendar;
			sourceTree = "<group>";
		};
		D2DBB796A85A97AB43A5ED5D /* Pods */ = {
			isa = PBXGroup;
			children = (
				217DD281351C7B5107CC369E /* Pods-TestCalendar.debug.xcconfig */,
				AA1BFDB84CBFA44FE6054166 /* Pods-TestCalendar.release.xcconfig */,
			);
			name = Pods;
			sourceTree = "<group>";
		};
/* End PBXGroup section */

/* Begin PBXNativeTarget section */
		CED8FE501FD525AF007CBC34 /* TestCalendar */ = {
			isa = PBXNativeTarget;
			buildConfigurationList = CED8FE631FD525AF007CBC34 /* Build configuration list for PBXNativeTarget "TestCalendar" */;
			buildPhases = (
				3D6F57DC7C81AC8B9E4C8B9B /* [CP] Check Pods Manifest.lock */,
				CED8FE4D1FD525AF007CBC34 /* Sources */,
				CED8FE4E1FD525AF007CBC34 /* Frameworks */,
				CED8FE4F1FD525AF007CBC34 /* Resources */,
				46A8B6117EF7BDB70F77D4D6 /* [CP] Embed Pods Frameworks */,
				EEE096FA1DB33B0C4DE081D0 /* [CP] Copy Pods Resources */,
			);
			buildRules = (
			);
			dependencies = (
			);
			name = TestCalendar;
			productName = TestCalendar;
			productReference = CED8FE511FD525AF007CBC34 /* TestCalendar.app */;
			productType = "com.apple.product-type.application";
		};
/* End PBXNativeTarget section */

/* Begin PBXProject section */
		CED8FE491FD525AF007CBC34 /* Project object */ = {
			isa = PBXProject;
			attributes = {
				LastSwiftUpdateCheck = 0910;
				LastUpgradeCheck = 0910;
				ORGANIZATIONNAME = "SONGYEE SHIN";
				TargetAttributes = {
					CED8FE501FD525AF007CBC34 = {
						CreatedOnToolsVersion = 9.1;
						ProvisioningStyle = Automatic;
					};
				};
			};
			buildConfigurationList = CED8FE4C1FD525AF007CBC34 /* Build configuration list for PBXProject "TestCalendar" */;
			compatibilityVersion = "Xcode 8.0";
			developmentRegion = en;
			hasScannedForEncodings = 0;
			knownRegions = (
				en,
				Base,
			);
			mainGroup = CED8FE481FD525AF007CBC34;
			productRefGroup = CED8FE521FD525AF007CBC34 /* Products */;
			projectDirPath = "";
			projectRoot = "";
			targets = (
				CED8FE501FD525AF007CBC34 /* TestCalendar */,
			);
		};
/* End PBXProject section */

/* Begin PBXResourcesBuildPhase section */
		CED8FE4F1FD525AF007CBC34 /* Resources */ = {
			isa = PBXResourcesBuildPhase;
			buildActionMask = 2147483647;
			files = (
				CED8FE5F1FD525AF007CBC34 /* LaunchScreen.storyboard in Resources */,
				CED8FE5C1FD525AF007CBC34 /* Assets.xcassets in Resources */,
				CED8FE5A1FD525AF007CBC34 /* Main.storyboard in Resources */,
			);
			runOnlyForDeploymentPostprocessing = 0;
		};
/* End PBXResourcesBuildPhase section */

/* Begin PBXShellScriptBuildPhase section */
		3D6F57DC7C81AC8B9E4C8B9B /* [CP] Check Pods Manifest.lock */ = {
			isa = PBXShellScriptBuildPhase;
			buildActionMask = 2147483647;
			files = (
			);
			inputPaths = (
				"${PODS_PODFILE_DIR_PATH}/Podfile.lock",
				"${PODS_ROOT}/Manifest.lock",
			);
			name = "[CP] Check Pods Manifest.lock";
			outputPaths = (
				"$(DERIVED_FILE_DIR)/Pods-TestCalendar-checkManifestLockResult.txt",
			);
			runOnlyForDeploymentPostprocessing = 0;
			shellPath = /bin/sh;
			shellScript = "diff \"${PODS_PODFILE_DIR_PATH}/Podfile.lock\" \"${PODS_ROOT}/Manifest.lock\" > /dev/null\nif [ $? != 0 ] ; then\n    # print error to STDERR\n    echo \"error: The sandbox is not in sync with the Podfile.lock. Run 'pod install' or update your CocoaPods installation.\" >&2\n    exit 1\nfi\n# This output is used by Xcode 'outputs' to avoid re-running this script phase.\necho \"SUCCESS\" > \"${SCRIPT_OUTPUT_FILE_0}\"\n";
			showEnvVarsInLog = 0;
		};
		46A8B6117EF7BDB70F77D4D6 /* [CP] Embed Pods Frameworks */ = {
			isa = PBXShellScriptBuildPhase;
			buildActionMask = 2147483647;
			files = (
			);
			inputPaths = (
				"${SRCROOT}/Pods/Target Support Files/Pods-TestCalendar/Pods-TestCalendar-frameworks.sh",
				"${BUILT_PRODUCTS_DIR}/JTAppleCalendar/JTAppleCalendar.framework",
			);
			name = "[CP] Embed Pods Frameworks";
			outputPaths = (
				"${TARGET_BUILD_DIR}/${FRAMEWORKS_FOLDER_PATH}/JTAppleCalendar.framework",
			);
			runOnlyForDeploymentPostprocessing = 0;
			shellPath = /bin/sh;
			shellScript = "\"${SRCROOT}/Pods/Target Support Files/Pods-TestCalendar/Pods-TestCalendar-frameworks.sh\"\n";
			showEnvVarsInLog = 0;
		};
		EEE096FA1DB33B0C4DE081D0 /* [CP] Copy Pods Resources */ = {
			isa = PBXShellScriptBuildPhase;
			buildActionMask = 2147483647;
			files = (
			);
			inputPaths = (
			);
			name = "[CP] Copy Pods Resources";
			outputPaths = (
			);
			runOnlyForDeploymentPostprocessing = 0;
			shellPath = /bin/sh;
			shellScript = "\"${SRCROOT}/Pods/Target Support Files/Pods-TestCalendar/Pods-TestCalendar-resources.sh\"\n";
			showEnvVarsInLog = 0;
		};
/* End PBXShellScriptBuildPhase section */

/* Begin PBXSourcesBuildPhase section */
		CED8FE4D1FD525AF007CBC34 /* Sources */ = {
			isa = PBXSourcesBuildPhase;
			buildActionMask = 2147483647;
			files = (
				CED8FE571FD525AF007CBC34 /* MainViewController.swift in Sources */,
				CED8FE671FD53709007CBC34 /* CustomCell.swift in Sources */,
				CED8FE551FD525AF007CBC34 /* AppDelegate.swift in Sources */,
			);
			runOnlyForDeploymentPostprocessing = 0;
		};
/* End PBXSourcesBuildPhase section */

/* Begin PBXVariantGroup section */
		CED8FE581FD525AF007CBC34 /* Main.storyboard */ = {
			isa = PBXVariantGroup;
			children = (
				CED8FE591FD525AF007CBC34 /* Base */,
			);
			name = Main.storyboard;
			sourceTree = "<group>";
		};
		CED8FE5D1FD525AF007CBC34 /* LaunchScreen.storyboard */ = {
			isa = PBXVariantGroup;
			children = (
				CED8FE5E1FD525AF007CBC34 /* Base */,
			);
			name = LaunchScreen.storyboard;
			sourceTree = "<group>";
		};
/* End PBXVariantGroup section */

/* Begin XCBuildConfiguration section */
		CED8FE611FD525AF007CBC34 /* Debug */ = {
			isa = XCBuildConfiguration;
			buildSettings = {
				ALWAYS_SEARCH_USER_PATHS = NO;
				CLANG_ANALYZER_NONNULL = YES;
				CLANG_ANALYZER_NUMBER_OBJECT_CONVERSION = YES_AGGRESSIVE;
				CLANG_CXX_LANGUAGE_STANDARD = "gnu++14";
				CLANG_CXX_LIBRARY = "libc++";
				CLANG_ENABLE_MODULES = YES;
				CLANG_ENABLE_OBJC_ARC = YES;
				CLANG_WARN_BLOCK_CAPTURE_AUTORELEASING = YES;
				CLANG_WARN_BOOL_CONVERSION = YES;
				CLANG_WARN_COMMA = YES;
				CLANG_WARN_CONSTANT_CONVERSION = YES;
				CLANG_WARN_DIRECT_OBJC_ISA_USAGE = YES_ERROR;
				CLANG_WARN_DOCUMENTATION_COMMENTS = YES;
				CLANG_WARN_EMPTY_BODY = YES;
				CLANG_WARN_ENUM_CONVERSION = YES;
				CLANG_WARN_INFINITE_RECURSION = YES;
				CLANG_WARN_INT_CONVERSION = YES;
				CLANG_WARN_NON_LITERAL_NULL_CONVERSION = YES;
				CLANG_WARN_OBJC_LITERAL_CONVERSION = YES;
				CLANG_WARN_OBJC_ROOT_CLASS = YES_ERROR;
				CLANG_WARN_RANGE_LOOP_ANALYSIS = YES;
				CLANG_WARN_STRICT_PROTOTYPES = YES;
				CLANG_WARN_SUSPICIOUS_MOVE = YES;
				CLANG_WARN_UNGUARDED_AVAILABILITY = YES_AGGRESSIVE;
				CLANG_WARN_UNREACHABLE_CODE = YES;
				CLANG_WARN__DUPLICATE_METHOD_MATCH = YES;
				CODE_SIGN_IDENTITY = "iPhone Developer";
				COPY_PHASE_STRIP = NO;
				DEBUG_INFORMATION_FORMAT = dwarf;
				ENABLE_STRICT_OBJC_MSGSEND = YES;
				ENABLE_TESTABILITY = YES;
				GCC_C_LANGUAGE_STANDARD = gnu11;
				GCC_DYNAMIC_NO_PIC = NO;
				GCC_NO_COMMON_BLOCKS = YES;
				GCC_OPTIMIZATION_LEVEL = 0;
				GCC_PREPROCESSOR_DEFINITIONS = (
					"DEBUG=1",
					"$(inherited)",
				);
				GCC_WARN_64_TO_32_BIT_CONVERSION = YES;
				GCC_WARN_ABOUT_RETURN_TYPE = YES_ERROR;
				GCC_WARN_UNDECLARED_SELECTOR = YES;
				GCC_WARN_UNINITIALIZED_AUTOS = YES_AGGRESSIVE;
				GCC_WARN_UNUSED_FUNCTION = YES;
				GCC_WARN_UNUSED_VARIABLE = YES;
				IPHONEOS_DEPLOYMENT_TARGET = 11.1;
				MTL_ENABLE_DEBUG_INFO = YES;
				ONLY_ACTIVE_ARCH = YES;
				SDKROOT = iphoneos;
				SWIFT_ACTIVE_COMPILATION_CONDITIONS = DEBUG;
				SWIFT_OPTIMIZATION_LEVEL = "-Onone";
			};
			name = Debug;
		};
		CED8FE621FD525AF007CBC34 /* Release */ = {
			isa = XCBuildConfiguration;
			buildSettings = {
				ALWAYS_SEARCH_USER_PATHS = NO;
				CLANG_ANALYZER_NONNULL = YES;
				CLANG_ANALYZER_NUMBER_OBJECT_CONVERSION = YES_AGGRESSIVE;
				CLANG_CXX_LANGUAGE_STANDARD = "gnu++14";
				CLANG_CXX_LIBRARY = "libc++";
				CLANG_ENABLE_MODULES = YES;
				CLANG_ENABLE_OBJC_ARC = YES;
				CLANG_WARN_BLOCK_CAPTURE_AUTORELEASING = YES;
				CLANG_WARN_BOOL_CONVERSION = YES;
				CLANG_WARN_COMMA = YES;
				CLANG_WARN_CONSTANT_CONVERSION = YES;
				CLANG_WARN_DIRECT_OBJC_ISA_USAGE = YES_ERROR;
				CLANG_WARN_DOCUMENTATION_COMMENTS = YES;
				CLANG_WARN_EMPTY_BODY = YES;
				CLANG_WARN_ENUM_CONVERSION = YES;
				CLANG_WARN_INFINITE_RECURSION = YES;
				CLANG_WARN_INT_CONVERSION = YES;
				CLANG_WARN_NON_LITERAL_NULL_CONVERSION = YES;
				CLANG_WARN_OBJC_LITERAL_CONVERSION = YES;
				CLANG_WARN_OBJC_ROOT_CLASS = YES_ERROR;
				CLANG_WARN_RANGE_LOOP_ANALYSIS = YES;
				CLANG_WARN_STRICT_PROTOTYPES = YES;
				CLANG_WARN_SUSPICIOUS_MOVE = YES;
				CLANG_WARN_UNGUARDED_AVAILABILITY = YES_AGGRESSIVE;
				CLANG_WARN_UNREACHABLE_CODE = YES;
				CLANG_WARN__DUPLICATE_METHOD_MATCH = YES;
				CODE_SIGN_IDENTITY = "iPhone Developer";
				COPY_PHASE_STRIP = NO;
				DEBUG_INFORMATION_FORMAT = "dwarf-with-dsym";
				ENABLE_NS_ASSERTIONS = NO;
				ENABLE_STRICT_OBJC_MSGSEND = YES;
				GCC_C_LANGUAGE_STANDARD = gnu11;
				GCC_NO_COMMON_BLOCKS = YES;
				GCC_WARN_64_TO_32_BIT_CONVERSION = YES;
				GCC_WARN_ABOUT_RETURN_TYPE = YES_ERROR;
				GCC_WARN_UNDECLARED_SELECTOR = YES;
				GCC_WARN_UNINITIALIZED_AUTOS = YES_AGGRESSIVE;
				GCC_WARN_UNUSED_FUNCTION = YES;
				GCC_WARN_UNUSED_VARIABLE = YES;
				IPHONEOS_DEPLOYMENT_TARGET = 11.1;
				MTL_ENABLE_DEBUG_INFO = NO;
				SDKROOT = iphoneos;
				SWIFT_OPTIMIZATION_LEVEL = "-Owholemodule";
				VALIDATE_PRODUCT = YES;
			};
			name = Release;
		};
		CED8FE641FD525AF007CBC34 /* Debug */ = {
			isa = XCBuildConfiguration;
			baseConfigurationReference = 217DD281351C7B5107CC369E /* Pods-TestCalendar.debug.xcconfig */;
			buildSettings = {
				ASSETCATALOG_COMPILER_APPICON_NAME = AppIcon;
				CODE_SIGN_STYLE = Automatic;
				INFOPLIST_FILE = TestCalendar/Info.plist;
				LD_RUNPATH_SEARCH_PATHS = "$(inherited) @executable_path/Frameworks";
				PRODUCT_BUNDLE_IDENTIFIER = Hello.TestCalendar;
				PRODUCT_NAME = "$(TARGET_NAME)";
				SWIFT_VERSION = 4.0;
				TARGETED_DEVICE_FAMILY = "1,2";
			};
			name = Debug;
		};
		CED8FE651FD525AF007CBC34 /* Release */ = {
			isa = XCBuildConfiguration;
			baseConfigurationReference = AA1BFDB84CBFA44FE6054166 /* Pods-TestCalendar.release.xcconfig */;
			buildSettings = {
				ASSETCATALOG_COMPILER_APPICON_NAME = AppIcon;
				CODE_SIGN_STYLE = Automatic;
				INFOPLIST_FILE = TestCalendar/Info.plist;
				LD_RUNPATH_SEARCH_PATHS = "$(inherited) @executable_path/Frameworks";
				PRODUCT_BUNDLE_IDENTIFIER = Hello.TestCalendar;
				PRODUCT_NAME = "$(TARGET_NAME)";
				SWIFT_VERSION = 4.0;
				TARGETED_DEVICE_FAMILY = "1,2";
			};
			name = Release;
		};
/* End XCBuildConfiguration section */

/* Begin XCConfigurationList section */
		CED8FE4C1FD525AF007CBC34 /* Build configuration list for PBXProject "TestCalendar" */ = {
			isa = XCConfigurationList;
			buildConfigurations = (
				CED8FE611FD525AF007CBC34 /* Debug */,
				CED8FE621FD525AF007CBC34 /* Release */,
			);
			defaultConfigurationIsVisible = 0;
			defaultConfigurationName = Release;
		};
		CED8FE631FD525AF007CBC34 /* Build configuration list for PBXNativeTarget "TestCalendar" */ = {
			isa = XCConfigurationList;
			buildConfigurations = (
				CED8FE641FD525AF007CBC34 /* Debug */,
				CED8FE651FD525AF007CBC34 /* Release */,
			);
			defaultConfigurationIsVisible = 0;
			defaultConfigurationName = Release;
		};
/* End XCConfigurationList section */
	};
	rootObject = CED8FE491FD525AF007CBC34 /* Project object */;
}
