// !$*UTF8*$!
{
	archiveVersion = 1;
	classes = {
	};
	objectVersion = 48;
	objects = {

/* Begin PBXBuildFile section */
		CE4E20971FAABBD20093732B /* LyricsView.swift in Sources */ = {isa = PBXBuildFile; fileRef = CE4E20961FAABBD20093732B /* LyricsView.swift */; };
		CE72522A1FA7134000BE9C7E /* CustomFlowLayout.swift in Sources */ = {isa = PBXBuildFile; fileRef = CE7252291FA7134000BE9C7E /* CustomFlowLayout.swift */; };
		CED4DD1D1FAFFF9400C7223D /* RegisterViewController.swift in Sources */ = {isa = PBXBuildFile; fileRef = CED4DD1C1FAFFF9400C7223D /* RegisterViewController.swift */; };
		CED4DD1F1FB0023B00C7223D /* RoundButton.swift in Sources */ = {isa = PBXBuildFile; fileRef = CED4DD1E1FB0023B00C7223D /* RoundButton.swift */; };
		CEE11E811FA459F900A02A91 /* AppDelegate.swift in Sources */ = {isa = PBXBuildFile; fileRef = CEE11E801FA459F900A02A91 /* AppDelegate.swift */; };
		CEE11E831FA459F900A02A91 /* ViewController.swift in Sources */ = {isa = PBXBuildFile; fileRef = CEE11E821FA459F900A02A91 /* ViewController.swift */; };
		CEE11E861FA459F900A02A91 /* Main.storyboard in Resources */ = {isa = PBXBuildFile; fileRef = CEE11E841FA459F900A02A91 /* Main.storyboard */; };
		CEE11E881FA459F900A02A91 /* Assets.xcassets in Resources */ = {isa = PBXBuildFile; fileRef = CEE11E871FA459F900A02A91 /* Assets.xcassets */; };
		CEE11E8B1FA459F900A02A91 /* LaunchScreen.storyboard in Resources */ = {isa = PBXBuildFile; fileRef = CEE11E891FA459F900A02A91 /* LaunchScreen.storyboard */; };
		CEE11E991FA466AF00A02A91 /* AlbumInfo.swift in Sources */ = {isa = PBXBuildFile; fileRef = CEE11E981FA466AF00A02A91 /* AlbumInfo.swift */; };
		CEE11E9B1FA4672400A02A91 /* MusicManage.swift in Sources */ = {isa = PBXBuildFile; fileRef = CEE11E9A1FA4672400A02A91 /* MusicManage.swift */; };
		CEE11E9D1FA467FF00A02A91 /* CustomCollectionViewCell.swift in Sources */ = {isa = PBXBuildFile; fileRef = CEE11E9C1FA467FF00A02A91 /* CustomCollectionViewCell.swift */; };
		CEF18B731FAF078A0034BCF5 /* Login.plist in Resources */ = {isa = PBXBuildFile; fileRef = CEF18B721FAF078A0034BCF5 /* Login.plist */; };
		CEF18B791FAF12490034BCF5 /* LoginStoryboard.storyboard in Resources */ = {isa = PBXBuildFile; fileRef = CEF18B781FAF12490034BCF5 /* LoginStoryboard.storyboard */; };
		CEF18B7B1FAF13390034BCF5 /* ListTableViewController.swift in Sources */ = {isa = PBXBuildFile; fileRef = CEF18B7A1FAF13390034BCF5 /* ListTableViewController.swift */; };
		CEF18B821FAF1D9D0034BCF5 /* LoginStoryboard.storyboard in Resources */ = {isa = PBXBuildFile; fileRef = CEF18B811FAF1D9D0034BCF5 /* LoginStoryboard.storyboard */; };
		CEF18B841FAF1F8A0034BCF5 /* UserData.plist in Resources */ = {isa = PBXBuildFile; fileRef = CEF18B831FAF1F8A0034BCF5 /* UserData.plist */; };
		CEF18B861FAF48A50034BCF5 /* User.swift in Sources */ = {isa = PBXBuildFile; fileRef = CEF18B851FAF48A50034BCF5 /* User.swift */; };
		CEF18B881FAF50BB0034BCF5 /* LoginViewController.swift in Sources */ = {isa = PBXBuildFile; fileRef = CEF18B871FAF50BB0034BCF5 /* LoginViewController.swift */; };
		CEF18B8A1FAF51BE0034BCF5 /* UserModel.swift in Sources */ = {isa = PBXBuildFile; fileRef = CEF18B891FAF51BE0034BCF5 /* UserModel.swift */; };
		CEFC3FE01FA4CE8C0053698F /* Music in Resources */ = {isa = PBXBuildFile; fileRef = CEFC3FDF1FA4CE8C0053698F /* Music */; };
/* End PBXBuildFile section */

/* Begin PBXFileReference section */
		CE4E20961FAABBD20093732B /* LyricsView.swift */ = {isa = PBXFileReference; lastKnownFileType = sourcecode.swift; path = LyricsView.swift; sourceTree = "<group>"; };
		CE7252291FA7134000BE9C7E /* CustomFlowLayout.swift */ = {isa = PBXFileReference; indentWidth = 4; lastKnownFileType = sourcecode.swift; path = CustomFlowLayout.swift; sourceTree = "<group>"; tabWidth = 4; };
		CED4DD1C1FAFFF9400C7223D /* RegisterViewController.swift */ = {isa = PBXFileReference; lastKnownFileType = sourcecode.swift; path = RegisterViewController.swift; sourceTree = "<group>"; };
		CED4DD1E1FB0023B00C7223D /* RoundButton.swift */ = {isa = PBXFileReference; lastKnownFileType = sourcecode.swift; path = RoundButton.swift; sourceTree = "<group>"; };
		CEE11E7D1FA459F900A02A91 /* MyMusicPlayer.app */ = {isa = PBXFileReference; explicitFileType = wrapper.application; includeInIndex = 0; path = MyMusicPlayer.app; sourceTree = BUILT_PRODUCTS_DIR; };
		CEE11E801FA459F900A02A91 /* AppDelegate.swift */ = {isa = PBXFileReference; lastKnownFileType = sourcecode.swift; path = AppDelegate.swift; sourceTree = "<group>"; };
		CEE11E821FA459F900A02A91 /* ViewController.swift */ = {isa = PBXFileReference; lastKnownFileType = sourcecode.swift; path = ViewController.swift; sourceTree = "<group>"; };
		CEE11E851FA459F900A02A91 /* Base */ = {isa = PBXFileReference; lastKnownFileType = file.storyboard; name = Base; path = Base.lproj/Main.storyboard; sourceTree = "<group>"; };
		CEE11E871FA459F900A02A91 /* Assets.xcassets */ = {isa = PBXFileReference; lastKnownFileType = folder.assetcatalog; path = Assets.xcassets; sourceTree = "<group>"; };
		CEE11E8A1FA459F900A02A91 /* Base */ = {isa = PBXFileReference; lastKnownFileType = file.storyboard; name = Base; path = Base.lproj/LaunchScreen.storyboard; sourceTree = "<group>"; };
		CEE11E8C1FA459F900A02A91 /* Info.plist */ = {isa = PBXFileReference; lastKnownFileType = text.plist.xml; path = Info.plist; sourceTree = "<group>"; };
		CEE11E981FA466AF00A02A91 /* AlbumInfo.swift */ = {isa = PBXFileReference; lastKnownFileType = sourcecode.swift; path = AlbumInfo.swift; sourceTree = "<group>"; };
		CEE11E9A1FA4672400A02A91 /* MusicManage.swift */ = {isa = PBXFileReference; lastKnownFileType = sourcecode.swift; path = MusicManage.swift; sourceTree = "<group>"; };
		CEE11E9C1FA467FF00A02A91 /* CustomCollectionViewCell.swift */ = {isa = PBXFileReference; lastKnownFileType = sourcecode.swift; path = CustomCollectionViewCell.swift; sourceTree = "<group>"; };
		CEF18B721FAF078A0034BCF5 /* Login.plist */ = {isa = PBXFileReference; lastKnownFileType = text.plist.xml; path = Login.plist; sourceTree = "<group>"; };
		CEF18B781FAF12490034BCF5 /* LoginStoryboard.storyboard */ = {isa = PBXFileReference; lastKnownFileType = file.storyboard; path = LoginStoryboard.storyboard; sourceTree = "<group>"; };
		CEF18B7A1FAF13390034BCF5 /* ListTableViewController.swift */ = {isa = PBXFileReference; lastKnownFileType = sourcecode.swift; path = ListTableViewController.swift; sourceTree = "<group>"; };
		CEF18B811FAF1D9D0034BCF5 /* LoginStoryboard.storyboard */ = {isa = PBXFileReference; lastKnownFileType = file.storyboard; path = LoginStoryboard.storyboard; sourceTree = "<group>"; };
		CEF18B831FAF1F8A0034BCF5 /* UserData.plist */ = {isa = PBXFileReference; lastKnownFileType = text.plist.xml; path = UserData.plist; sourceTree = "<group>"; };
		CEF18B851FAF48A50034BCF5 /* User.swift */ = {isa = PBXFileReference; lastKnownFileType = sourcecode.swift; path = User.swift; sourceTree = "<group>"; };
		CEF18B871FAF50BB0034BCF5 /* LoginViewController.swift */ = {isa = PBXFileReference; lastKnownFileType = sourcecode.swift; path = LoginViewController.swift; sourceTree = "<group>"; };
		CEF18B891FAF51BE0034BCF5 /* UserModel.swift */ = {isa = PBXFileReference; lastKnownFileType = sourcecode.swift; path = UserModel.swift; sourceTree = "<group>"; };
		CEFC3FDF1FA4CE8C0053698F /* Music */ = {isa = PBXFileReference; lastKnownFileType = folder; path = Music; sourceTree = "<group>"; };
/* End PBXFileReference section */

/* Begin PBXFrameworksBuildPhase section */
		CEE11E7A1FA459F900A02A91 /* Frameworks */ = {
			isa = PBXFrameworksBuildPhase;
			buildActionMask = 2147483647;
			files = (
			);
			runOnlyForDeploymentPostprocessing = 0;
		};
/* End PBXFrameworksBuildPhase section */

/* Begin PBXGroup section */
		CEE11E741FA459F900A02A91 = {
			isa = PBXGroup;
			children = (
				CEE11E7F1FA459F900A02A91 /* MyMusicPlayer */,
				CEE11E7E1FA459F900A02A91 /* Products */,
			);
			sourceTree = "<group>";
		};
		CEE11E7E1FA459F900A02A91 /* Products */ = {
			isa = PBXGroup;
			children = (
				CEE11E7D1FA459F900A02A91 /* MyMusicPlayer.app */,
			);
			name = Products;
			sourceTree = "<group>";
		};
		CEE11E7F1FA459F900A02A91 /* MyMusicPlayer */ = {
			isa = PBXGroup;
			children = (
				CEF18B7C1FAF1CB70034BCF5 /* NewLogin */,
				CEF18B6B1FAF06BC0034BCF5 /* Login  */,
				CEF18B6A1FAF067F0034BCF5 /* AudioPlayer */,
				CEE11E801FA459F900A02A91 /* AppDelegate.swift */,
				CEE11E871FA459F900A02A91 /* Assets.xcassets */,
				CEE11E891FA459F900A02A91 /* LaunchScreen.storyboard */,
				CEE11E8C1FA459F900A02A91 /* Info.plist */,
			);
			path = MyMusicPlayer;
			sourceTree = "<group>";
		};
		CEE11E921FA45A0000A02A91 /* View */ = {
			isa = PBXGroup;
			children = (
				CEE11E841FA459F900A02A91 /* Main.storyboard */,
				CEE11E9C1FA467FF00A02A91 /* CustomCollectionViewCell.swift */,
				CE4E20961FAABBD20093732B /* LyricsView.swift */,
			);
			path = View;
			sourceTree = "<group>";
		};
		CEE11E931FA45A7B00A02A91 /* ViewController */ = {
			isa = PBXGroup;
			children = (
				CEE11E821FA459F900A02A91 /* ViewController.swift */,
			);
			path = ViewController;
			sourceTree = "<group>";
		};
		CEE11E941FA45A8B00A02A91 /* Layout */ = {
			isa = PBXGroup;
			children = (
				CE7252291FA7134000BE9C7E /* CustomFlowLayout.swift */,
			);
			path = Layout;
			sourceTree = "<group>";
		};
		CEE11E951FA45A9700A02A91 /* Model */ = {
			isa = PBXGroup;
			children = (
				CEE11E981FA466AF00A02A91 /* AlbumInfo.swift */,
				CEE11E9A1FA4672400A02A91 /* MusicManage.swift */,
			);
			path = Model;
			sourceTree = "<group>";
		};
		CEF18B6A1FAF067F0034BCF5 /* AudioPlayer */ = {
			isa = PBXGroup;
			children = (
				CEE11E921FA45A0000A02A91 /* View */,
				CEE11E931FA45A7B00A02A91 /* ViewController */,
				CEE11E941FA45A8B00A02A91 /* Layout */,
				CEE11E951FA45A9700A02A91 /* Model */,
				CEFC3FDF1FA4CE8C0053698F /* Music */,
			);
			name = AudioPlayer;
			path = "New Group";
			sourceTree = "<group>";
		};
		CEF18B6B1FAF06BC0034BCF5 /* Login  */ = {
			isa = PBXGroup;
			children = (
				CEF18B6F1FAF06E40034BCF5 /* VC */,
				CEF18B6E1FAF06D40034BCF5 /* Model */,
				CEF18B6D1FAF06CE0034BCF5 /* View */,
				CEF18B6C1FAF06C60034BCF5 /* Layout */,
			);
			path = "Login ";
			sourceTree = "<group>";
		};
		CEF18B6C1FAF06C60034BCF5 /* Layout */ = {
			isa = PBXGroup;
			children = (
			);
			path = Layout;
			sourceTree = "<group>";
		};
		CEF18B6D1FAF06CE0034BCF5 /* View */ = {
			isa = PBXGroup;
			children = (
				CEF18B781FAF12490034BCF5 /* LoginStoryboard.storyboard */,
			);
			path = View;
			sourceTree = "<group>";
		};
		CEF18B6E1FAF06D40034BCF5 /* Model */ = {
			isa = PBXGroup;
			children = (
				CEF18B721FAF078A0034BCF5 /* Login.plist */,
			);
			path = Model;
			sourceTree = "<group>";
		};
		CEF18B6F1FAF06E40034BCF5 /* VC */ = {
			isa = PBXGroup;
			children = (
				CEF18B7A1FAF13390034BCF5 /* ListTableViewController.swift */,
			);
			path = VC;
			sourceTree = "<group>";
		};
		CEF18B7C1FAF1CB70034BCF5 /* NewLogin */ = {
			isa = PBXGroup;
			children = (
				CEF18B801FAF1D180034BCF5 /* Model */,
				CEF18B7F1FAF1D130034BCF5 /* Layout */,
				CEF18B7E1FAF1D0B0034BCF5 /* VC */,
				CEF18B7D1FAF1CF90034BCF5 /* View */,
			);
			path = NewLogin;
			sourceTree = "<group>";
		};
		CEF18B7D1FAF1CF90034BCF5 /* View */ = {
			isa = PBXGroup;
			children = (
				CEF18B811FAF1D9D0034BCF5 /* LoginStoryboard.storyboard */,
			);
			path = View;
			sourceTree = "<group>";
		};
		CEF18B7E1FAF1D0B0034BCF5 /* VC */ = {
			isa = PBXGroup;
			children = (
				CEF18B871FAF50BB0034BCF5 /* LoginViewController.swift */,
				CED4DD1C1FAFFF9400C7223D /* RegisterViewController.swift */,
			);
			path = VC;
			sourceTree = "<group>";
		};
		CEF18B7F1FAF1D130034BCF5 /* Layout */ = {
			isa = PBXGroup;
			children = (
				CED4DD1E1FB0023B00C7223D /* RoundButton.swift */,
			);
			path = Layout;
			sourceTree = "<group>";
		};
		CEF18B801FAF1D180034BCF5 /* Model */ = {
			isa = PBXGroup;
			children = (
				CEF18B831FAF1F8A0034BCF5 /* UserData.plist */,
				CEF18B851FAF48A50034BCF5 /* User.swift */,
				CEF18B891FAF51BE0034BCF5 /* UserModel.swift */,
			);
			path = Model;
			sourceTree = "<group>";
		};
/* End PBXGroup section */

/* Begin PBXNativeTarget section */
		CEE11E7C1FA459F900A02A91 /* MyMusicPlayer */ = {
			isa = PBXNativeTarget;
			buildConfigurationList = CEE11E8F1FA459F900A02A91 /* Build configuration list for PBXNativeTarget "MyMusicPlayer" */;
			buildPhases = (
				CEE11E791FA459F900A02A91 /* Sources */,
				CEE11E7A1FA459F900A02A91 /* Frameworks */,
				CEE11E7B1FA459F900A02A91 /* Resources */,
			);
			buildRules = (
			);
			dependencies = (
			);
			name = MyMusicPlayer;
			productName = MyMusicPlayer;
			productReference = CEE11E7D1FA459F900A02A91 /* MyMusicPlayer.app */;
			productType = "com.apple.product-type.application";
		};
/* End PBXNativeTarget section */

/* Begin PBXProject section */
		CEE11E751FA459F900A02A91 /* Project object */ = {
			isa = PBXProject;
			attributes = {
				LastSwiftUpdateCheck = 0900;
				LastUpgradeCheck = 0900;
				ORGANIZATIONNAME = "SONGYEE SHIN";
				TargetAttributes = {
					CEE11E7C1FA459F900A02A91 = {
						CreatedOnToolsVersion = 9.0.1;
						ProvisioningStyle = Automatic;
					};
				};
			};
			buildConfigurationList = CEE11E781FA459F900A02A91 /* Build configuration list for PBXProject "MyMusicPlayer" */;
			compatibilityVersion = "Xcode 8.0";
			developmentRegion = en;
			hasScannedForEncodings = 0;
			knownRegions = (
				en,
				Base,
			);
			mainGroup = CEE11E741FA459F900A02A91;
			productRefGroup = CEE11E7E1FA459F900A02A91 /* Products */;
			projectDirPath = "";
			projectRoot = "";
			targets = (
				CEE11E7C1FA459F900A02A91 /* MyMusicPlayer */,
			);
		};
/* End PBXProject section */

/* Begin PBXResourcesBuildPhase section */
		CEE11E7B1FA459F900A02A91 /* Resources */ = {
			isa = PBXResourcesBuildPhase;
			buildActionMask = 2147483647;
			files = (
				CEF18B731FAF078A0034BCF5 /* Login.plist in Resources */,
				CEF18B841FAF1F8A0034BCF5 /* UserData.plist in Resources */,
				CEE11E8B1FA459F900A02A91 /* LaunchScreen.storyboard in Resources */,
				CEE11E881FA459F900A02A91 /* Assets.xcassets in Resources */,
				CEF18B791FAF12490034BCF5 /* LoginStoryboard.storyboard in Resources */,
				CEF18B821FAF1D9D0034BCF5 /* LoginStoryboard.storyboard in Resources */,
				CEFC3FE01FA4CE8C0053698F /* Music in Resources */,
				CEE11E861FA459F900A02A91 /* Main.storyboard in Resources */,
			);
			runOnlyForDeploymentPostprocessing = 0;
		};
/* End PBXResourcesBuildPhase section */

/* Begin PBXSourcesBuildPhase section */
		CEE11E791FA459F900A02A91 /* Sources */ = {
			isa = PBXSourcesBuildPhase;
			buildActionMask = 2147483647;
			files = (
				CEE11E831FA459F900A02A91 /* ViewController.swift in Sources */,
				CEE11E9D1FA467FF00A02A91 /* CustomCollectionViewCell.swift in Sources */,
				CEE11E811FA459F900A02A91 /* AppDelegate.swift in Sources */,
				CED4DD1D1FAFFF9400C7223D /* RegisterViewController.swift in Sources */,
				CEF18B7B1FAF13390034BCF5 /* ListTableViewController.swift in Sources */,
				CEE11E9B1FA4672400A02A91 /* MusicManage.swift in Sources */,
				CED4DD1F1FB0023B00C7223D /* RoundButton.swift in Sources */,
				CEF18B861FAF48A50034BCF5 /* User.swift in Sources */,
				CE72522A1FA7134000BE9C7E /* CustomFlowLayout.swift in Sources */,
				CE4E20971FAABBD20093732B /* LyricsView.swift in Sources */,
				CEF18B881FAF50BB0034BCF5 /* LoginViewController.swift in Sources */,
				CEE11E991FA466AF00A02A91 /* AlbumInfo.swift in Sources */,
				CEF18B8A1FAF51BE0034BCF5 /* UserModel.swift in Sources */,
			);
			runOnlyForDeploymentPostprocessing = 0;
		};
/* End PBXSourcesBuildPhase section */

/* Begin PBXVariantGroup section */
		CEE11E841FA459F900A02A91 /* Main.storyboard */ = {
			isa = PBXVariantGroup;
			children = (
				CEE11E851FA459F900A02A91 /* Base */,
			);
			name = Main.storyboard;
			sourceTree = "<group>";
		};
		CEE11E891FA459F900A02A91 /* LaunchScreen.storyboard */ = {
			isa = PBXVariantGroup;
			children = (
				CEE11E8A1FA459F900A02A91 /* Base */,
			);
			name = LaunchScreen.storyboard;
			sourceTree = "<group>";
		};
/* End PBXVariantGroup section */

/* Begin XCBuildConfiguration section */
		CEE11E8D1FA459F900A02A91 /* Debug */ = {
			isa = XCBuildConfiguration;
			buildSettings = {
				ALWAYS_SEARCH_USER_PATHS = NO;
				CLANG_ANALYZER_NONNULL = YES;
				CLANG_ANALYZER_NUMBER_OBJECT_CONVERSION = YES_AGGRESSIVE;
				CLANG_CXX_LANGUAGE_STANDARD = "gnu++14";
				CLANG_CXX_LIBRARY = "libc++";
				CLANG_ENABLE_MODULES = YES;
				CLANG_ENABLE_OBJC_ARC = YES;
				CLANG_WARN_BLOCK_CAPTURE_AUTORELEASING = YES;
				CLANG_WARN_BOOL_CONVERSION = YES;
				CLANG_WARN_COMMA = YES;
				CLANG_WARN_CONSTANT_CONVERSION = YES;
				CLANG_WARN_DIRECT_OBJC_ISA_USAGE = YES_ERROR;
				CLANG_WARN_DOCUMENTATION_COMMENTS = YES;
				CLANG_WARN_EMPTY_BODY = YES;
				CLANG_WARN_ENUM_CONVERSION = YES;
				CLANG_WARN_INFINITE_RECURSION = YES;
				CLANG_WARN_INT_CONVERSION = YES;
				CLANG_WARN_NON_LITERAL_NULL_CONVERSION = YES;
				CLANG_WARN_OBJC_LITERAL_CONVERSION = YES;
				CLANG_WARN_OBJC_ROOT_CLASS = YES_ERROR;
				CLANG_WARN_RANGE_LOOP_ANALYSIS = YES;
				CLANG_WARN_STRICT_PROTOTYPES = YES;
				CLANG_WARN_SUSPICIOUS_MOVE = YES;
				CLANG_WARN_UNGUARDED_AVAILABILITY = YES_AGGRESSIVE;
				CLANG_WARN_UNREACHABLE_CODE = YES;
				CLANG_WARN__DUPLICATE_METHOD_MATCH = YES;
				CODE_SIGN_IDENTITY = "iPhone Developer";
				COPY_PHASE_STRIP = NO;
				DEBUG_INFORMATION_FORMAT = dwarf;
				ENABLE_STRICT_OBJC_MSGSEND = YES;
				ENABLE_TESTABILITY = YES;
				GCC_C_LANGUAGE_STANDARD = gnu11;
				GCC_DYNAMIC_NO_PIC = NO;
				GCC_NO_COMMON_BLOCKS = YES;
				GCC_OPTIMIZATION_LEVEL = 0;
				GCC_PREPROCESSOR_DEFINITIONS = (
					"DEBUG=1",
					"$(inherited)",
				);
				GCC_WARN_64_TO_32_BIT_CONVERSION = YES;
				GCC_WARN_ABOUT_RETURN_TYPE = YES_ERROR;
				GCC_WARN_UNDECLARED_SELECTOR = YES;
				GCC_WARN_UNINITIALIZED_AUTOS = YES_AGGRESSIVE;
				GCC_WARN_UNUSED_FUNCTION = YES;
				GCC_WARN_UNUSED_VARIABLE = YES;
				IPHONEOS_DEPLOYMENT_TARGET = 11.0;
				MTL_ENABLE_DEBUG_INFO = YES;
				ONLY_ACTIVE_ARCH = YES;
				SDKROOT = iphoneos;
				SWIFT_ACTIVE_COMPILATION_CONDITIONS = DEBUG;
				SWIFT_OPTIMIZATION_LEVEL = "-Onone";
			};
			name = Debug;
		};
		CEE11E8E1FA459F900A02A91 /* Release */ = {
			isa = XCBuildConfiguration;
			buildSettings = {
				ALWAYS_SEARCH_USER_PATHS = NO;
				CLANG_ANALYZER_NONNULL = YES;
				CLANG_ANALYZER_NUMBER_OBJECT_CONVERSION = YES_AGGRESSIVE;
				CLANG_CXX_LANGUAGE_STANDARD = "gnu++14";
				CLANG_CXX_LIBRARY = "libc++";
				CLANG_ENABLE_MODULES = YES;
				CLANG_ENABLE_OBJC_ARC = YES;
				CLANG_WARN_BLOCK_CAPTURE_AUTORELEASING = YES;
				CLANG_WARN_BOOL_CONVERSION = YES;
				CLANG_WARN_COMMA = YES;
				CLANG_WARN_CONSTANT_CONVERSION = YES;
				CLANG_WARN_DIRECT_OBJC_ISA_USAGE = YES_ERROR;
				CLANG_WARN_DOCUMENTATION_COMMENTS = YES;
				CLANG_WARN_EMPTY_BODY = YES;
				CLANG_WARN_ENUM_CONVERSION = YES;
				CLANG_WARN_INFINITE_RECURSION = YES;
				CLANG_WARN_INT_CONVERSION = YES;
				CLANG_WARN_NON_LITERAL_NULL_CONVERSION = YES;
				CLANG_WARN_OBJC_LITERAL_CONVERSION = YES;
				CLANG_WARN_OBJC_ROOT_CLASS = YES_ERROR;
				CLANG_WARN_RANGE_LOOP_ANALYSIS = YES;
				CLANG_WARN_STRICT_PROTOTYPES = YES;
				CLANG_WARN_SUSPICIOUS_MOVE = YES;
				CLANG_WARN_UNGUARDED_AVAILABILITY = YES_AGGRESSIVE;
				CLANG_WARN_UNREACHABLE_CODE = YES;
				CLANG_WARN__DUPLICATE_METHOD_MATCH = YES;
				CODE_SIGN_IDENTITY = "iPhone Developer";
				COPY_PHASE_STRIP = NO;
				DEBUG_INFORMATION_FORMAT = "dwarf-with-dsym";
				ENABLE_NS_ASSERTIONS = NO;
				ENABLE_STRICT_OBJC_MSGSEND = YES;
				GCC_C_LANGUAGE_STANDARD = gnu11;
				GCC_NO_COMMON_BLOCKS = YES;
				GCC_WARN_64_TO_32_BIT_CONVERSION = YES;
				GCC_WARN_ABOUT_RETURN_TYPE = YES_ERROR;
				GCC_WARN_UNDECLARED_SELECTOR = YES;
				GCC_WARN_UNINITIALIZED_AUTOS = YES_AGGRESSIVE;
				GCC_WARN_UNUSED_FUNCTION = YES;
				GCC_WARN_UNUSED_VARIABLE = YES;
				IPHONEOS_DEPLOYMENT_TARGET = 11.0;
				MTL_ENABLE_DEBUG_INFO = NO;
				SDKROOT = iphoneos;
				SWIFT_OPTIMIZATION_LEVEL = "-Owholemodule";
				VALIDATE_PRODUCT = YES;
			};
			name = Release;
		};
		CEE11E901FA459F900A02A91 /* Debug */ = {
			isa = XCBuildConfiguration;
			buildSettings = {
				ASSETCATALOG_COMPILER_APPICON_NAME = AppIcon;
				"CODE_SIGN_IDENTITY[sdk=iphoneos*]" = "iPhone Developer";
				CODE_SIGN_STYLE = Automatic;
				DEVELOPMENT_TEAM = G4MM77V7NH;
				INFOPLIST_FILE = MyMusicPlayer/Info.plist;
				LD_RUNPATH_SEARCH_PATHS = "$(inherited) @executable_path/Frameworks";
				PRODUCT_BUNDLE_IDENTIFIER = com.ssy.develpper;
				PRODUCT_NAME = "$(TARGET_NAME)";
				PROVISIONING_PROFILE_SPECIFIER = "";
				SWIFT_VERSION = 4.0;
				TARGETED_DEVICE_FAMILY = "1,2";
			};
			name = Debug;
		};
		CEE11E911FA459F900A02A91 /* Release */ = {
			isa = XCBuildConfiguration;
			buildSettings = {
				ASSETCATALOG_COMPILER_APPICON_NAME = AppIcon;
				"CODE_SIGN_IDENTITY[sdk=iphoneos*]" = "iPhone Developer";
				CODE_SIGN_STYLE = Automatic;
				DEVELOPMENT_TEAM = G4MM77V7NH;
				INFOPLIST_FILE = MyMusicPlayer/Info.plist;
				LD_RUNPATH_SEARCH_PATHS = "$(inherited) @executable_path/Frameworks";
				PRODUCT_BUNDLE_IDENTIFIER = com.ssy.develpper;
				PRODUCT_NAME = "$(TARGET_NAME)";
				PROVISIONING_PROFILE_SPECIFIER = "";
				SWIFT_VERSION = 4.0;
				TARGETED_DEVICE_FAMILY = "1,2";
			};
			name = Release;
		};
/* End XCBuildConfiguration section */

/* Begin XCConfigurationList section */
		CEE11E781FA459F900A02A91 /* Build configuration list for PBXProject "MyMusicPlayer" */ = {
			isa = XCConfigurationList;
			buildConfigurations = (
				CEE11E8D1FA459F900A02A91 /* Debug */,
				CEE11E8E1FA459F900A02A91 /* Release */,
			);
			defaultConfigurationIsVisible = 0;
			defaultConfigurationName = Release;
		};
		CEE11E8F1FA459F900A02A91 /* Build configuration list for PBXNativeTarget "MyMusicPlayer" */ = {
			isa = XCConfigurationList;
			buildConfigurations = (
				CEE11E901FA459F900A02A91 /* Debug */,
				CEE11E911FA459F900A02A91 /* Release */,
			);
			defaultConfigurationIsVisible = 0;
			defaultConfigurationName = Release;
		};
/* End XCConfigurationList section */
	};
	rootObject = CEE11E751FA459F900A02A91 /* Project object */;
}
