// !$*UTF8*$!
{
	archiveVersion = 1;
	classes = {
	};
	objectVersion = 48;
	objects = {

/* Begin PBXBuildFile section */
		CEAC980E1F9614E500784FA4 /* AppDelegate.swift in Sources */ = {isa = PBXBuildFile; fileRef = CEAC980D1F9614E500784FA4 /* AppDelegate.swift */; };
		CEAC98101F9614E500784FA4 /* ViewController.swift in Sources */ = {isa = PBXBuildFile; fileRef = CEAC980F1F9614E500784FA4 /* ViewController.swift */; };
		CEAC98131F9614E500784FA4 /* Main.storyboard in Resources */ = {isa = PBXBuildFile; fileRef = CEAC98111F9614E500784FA4 /* Main.storyboard */; };
		CEAC98151F9614E500784FA4 /* Assets.xcassets in Resources */ = {isa = PBXBuildFile; fileRef = CEAC98141F9614E500784FA4 /* Assets.xcassets */; };
		CEAC98181F9614E500784FA4 /* LaunchScreen.storyboard in Resources */ = {isa = PBXBuildFile; fileRef = CEAC98161F9614E500784FA4 /* LaunchScreen.storyboard */; };
		CEAC98201F96171900784FA4 /* TestSingletonPattern.swift in Sources */ = {isa = PBXBuildFile; fileRef = CEAC981F1F96171900784FA4 /* TestSingletonPattern.swift */; };
/* End PBXBuildFile section */

/* Begin PBXFileReference section */
		CEAC980A1F9614E500784FA4 /* TestSigletonPattern.app */ = {isa = PBXFileReference; explicitFileType = wrapper.application; includeInIndex = 0; path = TestSigletonPattern.app; sourceTree = BUILT_PRODUCTS_DIR; };
		CEAC980D1F9614E500784FA4 /* AppDelegate.swift */ = {isa = PBXFileReference; lastKnownFileType = sourcecode.swift; path = AppDelegate.swift; sourceTree = "<group>"; };
		CEAC980F1F9614E500784FA4 /* ViewController.swift */ = {isa = PBXFileReference; lastKnownFileType = sourcecode.swift; path = ViewController.swift; sourceTree = "<group>"; };
		CEAC98121F9614E500784FA4 /* Base */ = {isa = PBXFileReference; lastKnownFileType = file.storyboard; name = Base; path = Base.lproj/Main.storyboard; sourceTree = "<group>"; };
		CEAC98141F9614E500784FA4 /* Assets.xcassets */ = {isa = PBXFileReference; lastKnownFileType = folder.assetcatalog; path = Assets.xcassets; sourceTree = "<group>"; };
		CEAC98171F9614E500784FA4 /* Base */ = {isa = PBXFileReference; lastKnownFileType = file.storyboard; name = Base; path = Base.lproj/LaunchScreen.storyboard; sourceTree = "<group>"; };
		CEAC98191F9614E500784FA4 /* Info.plist */ = {isa = PBXFileReference; lastKnownFileType = text.plist.xml; path = Info.plist; sourceTree = "<group>"; };
		CEAC981F1F96171900784FA4 /* TestSingletonPattern.swift */ = {isa = PBXFileReference; lastKnownFileType = sourcecode.swift; path = TestSingletonPattern.swift; sourceTree = "<group>"; };
/* End PBXFileReference section */

/* Begin PBXFrameworksBuildPhase section */
		CEAC98071F9614E500784FA4 /* Frameworks */ = {
			isa = PBXFrameworksBuildPhase;
			buildActionMask = 2147483647;
			files = (
			);
			runOnlyForDeploymentPostprocessing = 0;
		};
/* End PBXFrameworksBuildPhase section */

/* Begin PBXGroup section */
		CEAC98011F9614E500784FA4 = {
			isa = PBXGroup;
			children = (
				CEAC980C1F9614E500784FA4 /* TestSigletonPattern */,
				CEAC980B1F9614E500784FA4 /* Products */,
			);
			sourceTree = "<group>";
		};
		CEAC980B1F9614E500784FA4 /* Products */ = {
			isa = PBXGroup;
			children = (
				CEAC980A1F9614E500784FA4 /* TestSigletonPattern.app */,
			);
			name = Products;
			sourceTree = "<group>";
		};
		CEAC980C1F9614E500784FA4 /* TestSigletonPattern */ = {
			isa = PBXGroup;
			children = (
				CEAC980D1F9614E500784FA4 /* AppDelegate.swift */,
				CEAC980F1F9614E500784FA4 /* ViewController.swift */,
				CEAC98111F9614E500784FA4 /* Main.storyboard */,
				CEAC98141F9614E500784FA4 /* Assets.xcassets */,
				CEAC98161F9614E500784FA4 /* LaunchScreen.storyboard */,
				CEAC98191F9614E500784FA4 /* Info.plist */,
				CEAC981F1F96171900784FA4 /* TestSingletonPattern.swift */,
			);
			path = TestSigletonPattern;
			sourceTree = "<group>";
		};
/* End PBXGroup section */

/* Begin PBXNativeTarget section */
		CEAC98091F9614E500784FA4 /* TestSigletonPattern */ = {
			isa = PBXNativeTarget;
			buildConfigurationList = CEAC981C1F9614E500784FA4 /* Build configuration list for PBXNativeTarget "TestSigletonPattern" */;
			buildPhases = (
				CEAC98061F9614E500784FA4 /* Sources */,
				CEAC98071F9614E500784FA4 /* Frameworks */,
				CEAC98081F9614E500784FA4 /* Resources */,
			);
			buildRules = (
			);
			dependencies = (
			);
			name = TestSigletonPattern;
			productName = TestSigletonPattern;
			productReference = CEAC980A1F9614E500784FA4 /* TestSigletonPattern.app */;
			productType = "com.apple.product-type.application";
		};
/* End PBXNativeTarget section */

/* Begin PBXProject section */
		CEAC98021F9614E500784FA4 /* Project object */ = {
			isa = PBXProject;
			attributes = {
				LastSwiftUpdateCheck = 0900;
				LastUpgradeCheck = 0900;
				ORGANIZATIONNAME = "SONGYEE SHIN";
				TargetAttributes = {
					CEAC98091F9614E500784FA4 = {
						CreatedOnToolsVersion = 9.0;
						ProvisioningStyle = Automatic;
					};
				};
			};
			buildConfigurationList = CEAC98051F9614E500784FA4 /* Build configuration list for PBXProject "TestSigletonPattern" */;
			compatibilityVersion = "Xcode 8.0";
			developmentRegion = en;
			hasScannedForEncodings = 0;
			knownRegions = (
				en,
				Base,
			);
			mainGroup = CEAC98011F9614E500784FA4;
			productRefGroup = CEAC980B1F9614E500784FA4 /* Products */;
			projectDirPath = "";
			projectRoot = "";
			targets = (
				CEAC98091F9614E500784FA4 /* TestSigletonPattern */,
			);
		};
/* End PBXProject section */

/* Begin PBXResourcesBuildPhase section */
		CEAC98081F9614E500784FA4 /* Resources */ = {
			isa = PBXResourcesBuildPhase;
			buildActionMask = 2147483647;
			files = (
				CEAC98181F9614E500784FA4 /* LaunchScreen.storyboard in Resources */,
				CEAC98151F9614E500784FA4 /* Assets.xcassets in Resources */,
				CEAC98131F9614E500784FA4 /* Main.storyboard in Resources */,
			);
			runOnlyForDeploymentPostprocessing = 0;
		};
/* End PBXResourcesBuildPhase section */

/* Begin PBXSourcesBuildPhase section */
		CEAC98061F9614E500784FA4 /* Sources */ = {
			isa = PBXSourcesBuildPhase;
			buildActionMask = 2147483647;
			files = (
				CEAC98101F9614E500784FA4 /* ViewController.swift in Sources */,
				CEAC98201F96171900784FA4 /* TestSingletonPattern.swift in Sources */,
				CEAC980E1F9614E500784FA4 /* AppDelegate.swift in Sources */,
			);
			runOnlyForDeploymentPostprocessing = 0;
		};
/* End PBXSourcesBuildPhase section */

/* Begin PBXVariantGroup section */
		CEAC98111F9614E500784FA4 /* Main.storyboard */ = {
			isa = PBXVariantGroup;
			children = (
				CEAC98121F9614E500784FA4 /* Base */,
			);
			name = Main.storyboard;
			sourceTree = "<group>";
		};
		CEAC98161F9614E500784FA4 /* LaunchScreen.storyboard */ = {
			isa = PBXVariantGroup;
			children = (
				CEAC98171F9614E500784FA4 /* Base */,
			);
			name = LaunchScreen.storyboard;
			sourceTree = "<group>";
		};
/* End PBXVariantGroup section */

/* Begin XCBuildConfiguration section */
		CEAC981A1F9614E500784FA4 /* Debug */ = {
			isa = XCBuildConfiguration;
			buildSettings = {
				ALWAYS_SEARCH_USER_PATHS = NO;
				CLANG_ANALYZER_NONNULL = YES;
				CLANG_ANALYZER_NUMBER_OBJECT_CONVERSION = YES_AGGRESSIVE;
				CLANG_CXX_LANGUAGE_STANDARD = "gnu++14";
				CLANG_CXX_LIBRARY = "libc++";
				CLANG_ENABLE_MODULES = YES;
				CLANG_ENABLE_OBJC_ARC = YES;
				CLANG_WARN_BLOCK_CAPTURE_AUTORELEASING = YES;
				CLANG_WARN_BOOL_CONVERSION = YES;
				CLANG_WARN_COMMA = YES;
				CLANG_WARN_CONSTANT_CONVERSION = YES;
				CLANG_WARN_DIRECT_OBJC_ISA_USAGE = YES_ERROR;
				CLANG_WARN_DOCUMENTATION_COMMENTS = YES;
				CLANG_WARN_EMPTY_BODY = YES;
				CLANG_WARN_ENUM_CONVERSION = YES;
				CLANG_WARN_INFINITE_RECURSION = YES;
				CLANG_WARN_INT_CONVERSION = YES;
				CLANG_WARN_NON_LITERAL_NULL_CONVERSION = YES;
				CLANG_WARN_OBJC_LITERAL_CONVERSION = YES;
				CLANG_WARN_OBJC_ROOT_CLASS = YES_ERROR;
				CLANG_WARN_RANGE_LOOP_ANALYSIS = YES;
				CLANG_WARN_STRICT_PROTOTYPES = YES;
				CLANG_WARN_SUSPICIOUS_MOVE = YES;
				CLANG_WARN_UNGUARDED_AVAILABILITY = YES_AGGRESSIVE;
				CLANG_WARN_UNREACHABLE_CODE = YES;
				CLANG_WARN__DUPLICATE_METHOD_MATCH = YES;
				CODE_SIGN_IDENTITY = "iPhone Developer";
				COPY_PHASE_STRIP = NO;
				DEBUG_INFORMATION_FORMAT = dwarf;
				ENABLE_STRICT_OBJC_MSGSEND = YES;
				ENABLE_TESTABILITY = YES;
				GCC_C_LANGUAGE_STANDARD = gnu11;
				GCC_DYNAMIC_NO_PIC = NO;
				GCC_NO_COMMON_BLOCKS = YES;
				GCC_OPTIMIZATION_LEVEL = 0;
				GCC_PREPROCESSOR_DEFINITIONS = (
					"DEBUG=1",
					"$(inherited)",
				);
				GCC_WARN_64_TO_32_BIT_CONVERSION = YES;
				GCC_WARN_ABOUT_RETURN_TYPE = YES_ERROR;
				GCC_WARN_UNDECLARED_SELECTOR = YES;
				GCC_WARN_UNINITIALIZED_AUTOS = YES_AGGRESSIVE;
				GCC_WARN_UNUSED_FUNCTION = YES;
				GCC_WARN_UNUSED_VARIABLE = YES;
				IPHONEOS_DEPLOYMENT_TARGET = 11.0;
				MTL_ENABLE_DEBUG_INFO = YES;
				ONLY_ACTIVE_ARCH = YES;
				SDKROOT = iphoneos;
				SWIFT_ACTIVE_COMPILATION_CONDITIONS = DEBUG;
				SWIFT_OPTIMIZATION_LEVEL = "-Onone";
			};
			name = Debug;
		};
		CEAC981B1F9614E500784FA4 /* Release */ = {
			isa = XCBuildConfiguration;
			buildSettings = {
				ALWAYS_SEARCH_USER_PATHS = NO;
				CLANG_ANALYZER_NONNULL = YES;
				CLANG_ANALYZER_NUMBER_OBJECT_CONVERSION = YES_AGGRESSIVE;
				CLANG_CXX_LANGUAGE_STANDARD = "gnu++14";
				CLANG_CXX_LIBRARY = "libc++";
				CLANG_ENABLE_MODULES = YES;
				CLANG_ENABLE_OBJC_ARC = YES;
				CLANG_WARN_BLOCK_CAPTURE_AUTORELEASING = YES;
				CLANG_WARN_BOOL_CONVERSION = YES;
				CLANG_WARN_COMMA = YES;
				CLANG_WARN_CONSTANT_CONVERSION = YES;
				CLANG_WARN_DIRECT_OBJC_ISA_USAGE = YES_ERROR;
				CLANG_WARN_DOCUMENTATION_COMMENTS = YES;
				CLANG_WARN_EMPTY_BODY = YES;
				CLANG_WARN_ENUM_CONVERSION = YES;
				CLANG_WARN_INFINITE_RECURSION = YES;
				CLANG_WARN_INT_CONVERSION = YES;
				CLANG_WARN_NON_LITERAL_NULL_CONVERSION = YES;
				CLANG_WARN_OBJC_LITERAL_CONVERSION = YES;
				CLANG_WARN_OBJC_ROOT_CLASS = YES_ERROR;
				CLANG_WARN_RANGE_LOOP_ANALYSIS = YES;
				CLANG_WARN_STRICT_PROTOTYPES = YES;
				CLANG_WARN_SUSPICIOUS_MOVE = YES;
				CLANG_WARN_UNGUARDED_AVAILABILITY = YES_AGGRESSIVE;
				CLANG_WARN_UNREACHABLE_CODE = YES;
				CLANG_WARN__DUPLICATE_METHOD_MATCH = YES;
				CODE_SIGN_IDENTITY = "iPhone Developer";
				COPY_PHASE_STRIP = NO;
				DEBUG_INFORMATION_FORMAT = "dwarf-with-dsym";
				ENABLE_NS_ASSERTIONS = NO;
				ENABLE_STRICT_OBJC_MSGSEND = YES;
				GCC_C_LANGUAGE_STANDARD = gnu11;
				GCC_NO_COMMON_BLOCKS = YES;
				GCC_WARN_64_TO_32_BIT_CONVERSION = YES;
				GCC_WARN_ABOUT_RETURN_TYPE = YES_ERROR;
				GCC_WARN_UNDECLARED_SELECTOR = YES;
				GCC_WARN_UNINITIALIZED_AUTOS = YES_AGGRESSIVE;
				GCC_WARN_UNUSED_FUNCTION = YES;
				GCC_WARN_UNUSED_VARIABLE = YES;
				IPHONEOS_DEPLOYMENT_TARGET = 11.0;
				MTL_ENABLE_DEBUG_INFO = NO;
				SDKROOT = iphoneos;
				SWIFT_OPTIMIZATION_LEVEL = "-Owholemodule";
				VALIDATE_PRODUCT = YES;
			};
			name = Release;
		};
		CEAC981D1F9614E500784FA4 /* Debug */ = {
			isa = XCBuildConfiguration;
			buildSettings = {
				ASSETCATALOG_COMPILER_APPICON_NAME = AppIcon;
				CODE_SIGN_STYLE = Automatic;
				INFOPLIST_FILE = TestSigletonPattern/Info.plist;
				LD_RUNPATH_SEARCH_PATHS = "$(inherited) @executable_path/Frameworks";
				PRODUCT_BUNDLE_IDENTIFIER = Hello.TestSigletonPattern;
				PRODUCT_NAME = "$(TARGET_NAME)";
				SWIFT_VERSION = 4.0;
				TARGETED_DEVICE_FAMILY = "1,2";
			};
			name = Debug;
		};
		CEAC981E1F9614E500784FA4 /* Release */ = {
			isa = XCBuildConfiguration;
			buildSettings = {
				ASSETCATALOG_COMPILER_APPICON_NAME = AppIcon;
				CODE_SIGN_STYLE = Automatic;
				INFOPLIST_FILE = TestSigletonPattern/Info.plist;
				LD_RUNPATH_SEARCH_PATHS = "$(inherited) @executable_path/Frameworks";
				PRODUCT_BUNDLE_IDENTIFIER = Hello.TestSigletonPattern;
				PRODUCT_NAME = "$(TARGET_NAME)";
				SWIFT_VERSION = 4.0;
				TARGETED_DEVICE_FAMILY = "1,2";
			};
			name = Release;
		};
/* End XCBuildConfiguration section */

/* Begin XCConfigurationList section */
		CEAC98051F9614E500784FA4 /* Build configuration list for PBXProject "TestSigletonPattern" */ = {
			isa = XCConfigurationList;
			buildConfigurations = (
				CEAC981A1F9614E500784FA4 /* Debug */,
				CEAC981B1F9614E500784FA4 /* Release */,
			);
			defaultConfigurationIsVisible = 0;
			defaultConfigurationName = Release;
		};
		CEAC981C1F9614E500784FA4 /* Build configuration list for PBXNativeTarget "TestSigletonPattern" */ = {
			isa = XCConfigurationList;
			buildConfigurations = (
				CEAC981D1F9614E500784FA4 /* Debug */,
				CEAC981E1F9614E500784FA4 /* Release */,
			);
			defaultConfigurationIsVisible = 0;
			defaultConfigurationName = Release;
		};
/* End XCConfigurationList section */
	};
	rootObject = CEAC98021F9614E500784FA4 /* Project object */;
}
