// !$*UTF8*$!
{
	archiveVersion = 1;
	classes = {
	};
	objectVersion = 48;
	objects = {

/* Begin PBXBuildFile section */
		0D4E64571FBEDA5E00801580 /* AppDelegate.swift in Sources */ = {isa = PBXBuildFile; fileRef = 0D4E64561FBEDA5E00801580 /* AppDelegate.swift */; };
		0D4E645C1FBEDA5E00801580 /* Main.storyboard in Resources */ = {isa = PBXBuildFile; fileRef = 0D4E645A1FBEDA5E00801580 /* Main.storyboard */; };
		0D4E645E1FBEDA5E00801580 /* Assets.xcassets in Resources */ = {isa = PBXBuildFile; fileRef = 0D4E645D1FBEDA5E00801580 /* Assets.xcassets */; };
		0D4E64611FBEDA5E00801580 /* LaunchScreen.storyboard in Resources */ = {isa = PBXBuildFile; fileRef = 0D4E645F1FBEDA5E00801580 /* LaunchScreen.storyboard */; };
		0D4E64691FBEDA9D00801580 /* MainViewController.swift in Sources */ = {isa = PBXBuildFile; fileRef = 0D4E64681FBEDA9D00801580 /* MainViewController.swift */; };
		0D4E646B1FBEDAE800801580 /* PostService.swift in Sources */ = {isa = PBXBuildFile; fileRef = 0D4E646A1FBEDAE800801580 /* PostService.swift */; };
		0D4E646D1FBEDDCD00801580 /* Post.swift in Sources */ = {isa = PBXBuildFile; fileRef = 0D4E646C1FBEDDCD00801580 /* Post.swift */; };
		0D4E646F1FBEE77300801580 /* FeedCell.swift in Sources */ = {isa = PBXBuildFile; fileRef = 0D4E646E1FBEE77300801580 /* FeedCell.swift */; };
		0D4E64711FBEE88A00801580 /* UIImageView+Set.swift in Sources */ = {isa = PBXBuildFile; fileRef = 0D4E64701FBEE88A00801580 /* UIImageView+Set.swift */; };
		0DAFB9B41FBEF916000A7494 /* PostViewController.swift in Sources */ = {isa = PBXBuildFile; fileRef = 0DAFB9B31FBEF916000A7494 /* PostViewController.swift */; };
		732724BCDA45E29A108748DA /* Pods_FastPost.framework in Frameworks */ = {isa = PBXBuildFile; fileRef = 686F3FEA9ABD6C2E4B417B34 /* Pods_FastPost.framework */; };
/* End PBXBuildFile section */

/* Begin PBXFileReference section */
		0D4E64531FBEDA5E00801580 /* FastPost.app */ = {isa = PBXFileReference; explicitFileType = wrapper.application; includeInIndex = 0; path = FastPost.app; sourceTree = BUILT_PRODUCTS_DIR; };
		0D4E64561FBEDA5E00801580 /* AppDelegate.swift */ = {isa = PBXFileReference; lastKnownFileType = sourcecode.swift; path = AppDelegate.swift; sourceTree = "<group>"; };
		0D4E645B1FBEDA5E00801580 /* Base */ = {isa = PBXFileReference; lastKnownFileType = file.storyboard; name = Base; path = Base.lproj/Main.storyboard; sourceTree = "<group>"; };
		0D4E645D1FBEDA5E00801580 /* Assets.xcassets */ = {isa = PBXFileReference; lastKnownFileType = folder.assetcatalog; path = Assets.xcassets; sourceTree = "<group>"; };
		0D4E64601FBEDA5E00801580 /* Base */ = {isa = PBXFileReference; lastKnownFileType = file.storyboard; name = Base; path = Base.lproj/LaunchScreen.storyboard; sourceTree = "<group>"; };
		0D4E64621FBEDA5E00801580 /* Info.plist */ = {isa = PBXFileReference; lastKnownFileType = text.plist.xml; path = Info.plist; sourceTree = "<group>"; };
		0D4E64681FBEDA9D00801580 /* MainViewController.swift */ = {isa = PBXFileReference; lastKnownFileType = sourcecode.swift; path = MainViewController.swift; sourceTree = "<group>"; };
		0D4E646A1FBEDAE800801580 /* PostService.swift */ = {isa = PBXFileReference; lastKnownFileType = sourcecode.swift; path = PostService.swift; sourceTree = "<group>"; };
		0D4E646C1FBEDDCD00801580 /* Post.swift */ = {isa = PBXFileReference; lastKnownFileType = sourcecode.swift; path = Post.swift; sourceTree = "<group>"; };
		0D4E646E1FBEE77300801580 /* FeedCell.swift */ = {isa = PBXFileReference; lastKnownFileType = sourcecode.swift; path = FeedCell.swift; sourceTree = "<group>"; };
		0D4E64701FBEE88A00801580 /* UIImageView+Set.swift */ = {isa = PBXFileReference; lastKnownFileType = sourcecode.swift; path = "UIImageView+Set.swift"; sourceTree = "<group>"; };
		0DAFB9B31FBEF916000A7494 /* PostViewController.swift */ = {isa = PBXFileReference; lastKnownFileType = sourcecode.swift; path = PostViewController.swift; sourceTree = "<group>"; };
		686F3FEA9ABD6C2E4B417B34 /* Pods_FastPost.framework */ = {isa = PBXFileReference; explicitFileType = wrapper.framework; includeInIndex = 0; path = Pods_FastPost.framework; sourceTree = BUILT_PRODUCTS_DIR; };
		7C7BACC80BD73CAA334600A0 /* Pods-FastPost.release.xcconfig */ = {isa = PBXFileReference; includeInIndex = 1; lastKnownFileType = text.xcconfig; name = "Pods-FastPost.release.xcconfig"; path = "Pods/Target Support Files/Pods-FastPost/Pods-FastPost.release.xcconfig"; sourceTree = "<group>"; };
		85A199C262AA40D8A65E50DB /* Pods-FastPost.debug.xcconfig */ = {isa = PBXFileReference; includeInIndex = 1; lastKnownFileType = text.xcconfig; name = "Pods-FastPost.debug.xcconfig"; path = "Pods/Target Support Files/Pods-FastPost/Pods-FastPost.debug.xcconfig"; sourceTree = "<group>"; };
/* End PBXFileReference section */

/* Begin PBXFrameworksBuildPhase section */
		0D4E64501FBEDA5E00801580 /* Frameworks */ = {
			isa = PBXFrameworksBuildPhase;
			buildActionMask = 2147483647;
			files = (
				732724BCDA45E29A108748DA /* Pods_FastPost.framework in Frameworks */,
			);
			runOnlyForDeploymentPostprocessing = 0;
		};
/* End PBXFrameworksBuildPhase section */

/* Begin PBXGroup section */
		0D4E644A1FBEDA5E00801580 = {
			isa = PBXGroup;
			children = (
				0D4E64551FBEDA5E00801580 /* FastPost */,
				0D4E64541FBEDA5E00801580 /* Products */,
				768E227569465E9C1F8E3BC5 /* Pods */,
				D6AD6670BB9CBB7B77152676 /* Frameworks */,
			);
			sourceTree = "<group>";
		};
		0D4E64541FBEDA5E00801580 /* Products */ = {
			isa = PBXGroup;
			children = (
				0D4E64531FBEDA5E00801580 /* FastPost.app */,
			);
			name = Products;
			sourceTree = "<group>";
		};
		0D4E64551FBEDA5E00801580 /* FastPost */ = {
			isa = PBXGroup;
			children = (
				0D4E64561FBEDA5E00801580 /* AppDelegate.swift */,
				0D4E64681FBEDA9D00801580 /* MainViewController.swift */,
				0D4E64701FBEE88A00801580 /* UIImageView+Set.swift */,
				0D4E646E1FBEE77300801580 /* FeedCell.swift */,
				0D4E645A1FBEDA5E00801580 /* Main.storyboard */,
				0D4E645D1FBEDA5E00801580 /* Assets.xcassets */,
				0D4E645F1FBEDA5E00801580 /* LaunchScreen.storyboard */,
				0D4E64621FBEDA5E00801580 /* Info.plist */,
				0D4E646A1FBEDAE800801580 /* PostService.swift */,
				0D4E646C1FBEDDCD00801580 /* Post.swift */,
				0DAFB9B31FBEF916000A7494 /* PostViewController.swift */,
			);
			path = FastPost;
			sourceTree = "<group>";
		};
		768E227569465E9C1F8E3BC5 /* Pods */ = {
			isa = PBXGroup;
			children = (
				85A199C262AA40D8A65E50DB /* Pods-FastPost.debug.xcconfig */,
				7C7BACC80BD73CAA334600A0 /* Pods-FastPost.release.xcconfig */,
			);
			name = Pods;
			sourceTree = "<group>";
		};
		D6AD6670BB9CBB7B77152676 /* Frameworks */ = {
			isa = PBXGroup;
			children = (
				686F3FEA9ABD6C2E4B417B34 /* Pods_FastPost.framework */,
			);
			name = Frameworks;
			sourceTree = "<group>";
		};
/* End PBXGroup section */

/* Begin PBXNativeTarget section */
		0D4E64521FBEDA5E00801580 /* FastPost */ = {
			isa = PBXNativeTarget;
			buildConfigurationList = 0D4E64651FBEDA5E00801580 /* Build configuration list for PBXNativeTarget "FastPost" */;
			buildPhases = (
				94146325ADB60AFA173C5BAA /* [CP] Check Pods Manifest.lock */,
				0D4E644F1FBEDA5E00801580 /* Sources */,
				0D4E64501FBEDA5E00801580 /* Frameworks */,
				0D4E64511FBEDA5E00801580 /* Resources */,
				E68EC96052828D1FF78D51FE /* [CP] Embed Pods Frameworks */,
				40017131320088B66CF0210A /* [CP] Copy Pods Resources */,
			);
			buildRules = (
			);
			dependencies = (
			);
			name = FastPost;
			productName = FastPost;
			productReference = 0D4E64531FBEDA5E00801580 /* FastPost.app */;
			productType = "com.apple.product-type.application";
		};
/* End PBXNativeTarget section */

/* Begin PBXProject section */
		0D4E644B1FBEDA5E00801580 /* Project object */ = {
			isa = PBXProject;
			attributes = {
				LastSwiftUpdateCheck = 0910;
				LastUpgradeCheck = 0910;
				ORGANIZATIONNAME = Dabu;
				TargetAttributes = {
					0D4E64521FBEDA5E00801580 = {
						CreatedOnToolsVersion = 9.1;
						ProvisioningStyle = Automatic;
					};
				};
			};
			buildConfigurationList = 0D4E644E1FBEDA5E00801580 /* Build configuration list for PBXProject "FastPost" */;
			compatibilityVersion = "Xcode 8.0";
			developmentRegion = en;
			hasScannedForEncodings = 0;
			knownRegions = (
				en,
				Base,
			);
			mainGroup = 0D4E644A1FBEDA5E00801580;
			productRefGroup = 0D4E64541FBEDA5E00801580 /* Products */;
			projectDirPath = "";
			projectRoot = "";
			targets = (
				0D4E64521FBEDA5E00801580 /* FastPost */,
			);
		};
/* End PBXProject section */

/* Begin PBXResourcesBuildPhase section */
		0D4E64511FBEDA5E00801580 /* Resources */ = {
			isa = PBXResourcesBuildPhase;
			buildActionMask = 2147483647;
			files = (
				0D4E64611FBEDA5E00801580 /* LaunchScreen.storyboard in Resources */,
				0D4E645E1FBEDA5E00801580 /* Assets.xcassets in Resources */,
				0D4E645C1FBEDA5E00801580 /* Main.storyboard in Resources */,
			);
			runOnlyForDeploymentPostprocessing = 0;
		};
/* End PBXResourcesBuildPhase section */

/* Begin PBXShellScriptBuildPhase section */
		40017131320088B66CF0210A /* [CP] Copy Pods Resources */ = {
			isa = PBXShellScriptBuildPhase;
			buildActionMask = 2147483647;
			files = (
			);
			inputPaths = (
			);
			name = "[CP] Copy Pods Resources";
			outputPaths = (
			);
			runOnlyForDeploymentPostprocessing = 0;
			shellPath = /bin/sh;
			shellScript = "\"${SRCROOT}/Pods/Target Support Files/Pods-FastPost/Pods-FastPost-resources.sh\"\n";
			showEnvVarsInLog = 0;
		};
		94146325ADB60AFA173C5BAA /* [CP] Check Pods Manifest.lock */ = {
			isa = PBXShellScriptBuildPhase;
			buildActionMask = 2147483647;
			files = (
			);
			inputPaths = (
				"${PODS_PODFILE_DIR_PATH}/Podfile.lock",
				"${PODS_ROOT}/Manifest.lock",
			);
			name = "[CP] Check Pods Manifest.lock";
			outputPaths = (
				"$(DERIVED_FILE_DIR)/Pods-FastPost-checkManifestLockResult.txt",
			);
			runOnlyForDeploymentPostprocessing = 0;
			shellPath = /bin/sh;
			shellScript = "diff \"${PODS_PODFILE_DIR_PATH}/Podfile.lock\" \"${PODS_ROOT}/Manifest.lock\" > /dev/null\nif [ $? != 0 ] ; then\n    # print error to STDERR\n    echo \"error: The sandbox is not in sync with the Podfile.lock. Run 'pod install' or update your CocoaPods installation.\" >&2\n    exit 1\nfi\n# This output is used by Xcode 'outputs' to avoid re-running this script phase.\necho \"SUCCESS\" > \"${SCRIPT_OUTPUT_FILE_0}\"\n";
			showEnvVarsInLog = 0;
		};
		E68EC96052828D1FF78D51FE /* [CP] Embed Pods Frameworks */ = {
			isa = PBXShellScriptBuildPhase;
			buildActionMask = 2147483647;
			files = (
			);
			inputPaths = (
				"${SRCROOT}/Pods/Target Support Files/Pods-FastPost/Pods-FastPost-frameworks.sh",
				"${BUILT_PRODUCTS_DIR}/Alamofire/Alamofire.framework",
			);
			name = "[CP] Embed Pods Frameworks";
			outputPaths = (
				"${TARGET_BUILD_DIR}/${FRAMEWORKS_FOLDER_PATH}/Alamofire.framework",
			);
			runOnlyForDeploymentPostprocessing = 0;
			shellPath = /bin/sh;
			shellScript = "\"${SRCROOT}/Pods/Target Support Files/Pods-FastPost/Pods-FastPost-frameworks.sh\"\n";
			showEnvVarsInLog = 0;
		};
/* End PBXShellScriptBuildPhase section */

/* Begin PBXSourcesBuildPhase section */
		0D4E644F1FBEDA5E00801580 /* Sources */ = {
			isa = PBXSourcesBuildPhase;
			buildActionMask = 2147483647;
			files = (
				0D4E64571FBEDA5E00801580 /* AppDelegate.swift in Sources */,
				0D4E646F1FBEE77300801580 /* FeedCell.swift in Sources */,
				0DAFB9B41FBEF916000A7494 /* PostViewController.swift in Sources */,
				0D4E646B1FBEDAE800801580 /* PostService.swift in Sources */,
				0D4E64711FBEE88A00801580 /* UIImageView+Set.swift in Sources */,
				0D4E64691FBEDA9D00801580 /* MainViewController.swift in Sources */,
				0D4E646D1FBEDDCD00801580 /* Post.swift in Sources */,
			);
			runOnlyForDeploymentPostprocessing = 0;
		};
/* End PBXSourcesBuildPhase section */

/* Begin PBXVariantGroup section */
		0D4E645A1FBEDA5E00801580 /* Main.storyboard */ = {
			isa = PBXVariantGroup;
			children = (
				0D4E645B1FBEDA5E00801580 /* Base */,
			);
			name = Main.storyboard;
			sourceTree = "<group>";
		};
		0D4E645F1FBEDA5E00801580 /* LaunchScreen.storyboard */ = {
			isa = PBXVariantGroup;
			children = (
				0D4E64601FBEDA5E00801580 /* Base */,
			);
			name = LaunchScreen.storyboard;
			sourceTree = "<group>";
		};
/* End PBXVariantGroup section */

/* Begin XCBuildConfiguration section */
		0D4E64631FBEDA5E00801580 /* Debug */ = {
			isa = XCBuildConfiguration;
			buildSettings = {
				ALWAYS_SEARCH_USER_PATHS = NO;
				CLANG_ANALYZER_NONNULL = YES;
				CLANG_ANALYZER_NUMBER_OBJECT_CONVERSION = YES_AGGRESSIVE;
				CLANG_CXX_LANGUAGE_STANDARD = "gnu++14";
				CLANG_CXX_LIBRARY = "libc++";
				CLANG_ENABLE_MODULES = YES;
				CLANG_ENABLE_OBJC_ARC = YES;
				CLANG_WARN_BLOCK_CAPTURE_AUTORELEASING = YES;
				CLANG_WARN_BOOL_CONVERSION = YES;
				CLANG_WARN_COMMA = YES;
				CLANG_WARN_CONSTANT_CONVERSION = YES;
				CLANG_WARN_DIRECT_OBJC_ISA_USAGE = YES_ERROR;
				CLANG_WARN_DOCUMENTATION_COMMENTS = YES;
				CLANG_WARN_EMPTY_BODY = YES;
				CLANG_WARN_ENUM_CONVERSION = YES;
				CLANG_WARN_INFINITE_RECURSION = YES;
				CLANG_WARN_INT_CONVERSION = YES;
				CLANG_WARN_NON_LITERAL_NULL_CONVERSION = YES;
				CLANG_WARN_OBJC_LITERAL_CONVERSION = YES;
				CLANG_WARN_OBJC_ROOT_CLASS = YES_ERROR;
				CLANG_WARN_RANGE_LOOP_ANALYSIS = YES;
				CLANG_WARN_STRICT_PROTOTYPES = YES;
				CLANG_WARN_SUSPICIOUS_MOVE = YES;
				CLANG_WARN_UNGUARDED_AVAILABILITY = YES_AGGRESSIVE;
				CLANG_WARN_UNREACHABLE_CODE = YES;
				CLANG_WARN__DUPLICATE_METHOD_MATCH = YES;
				CODE_SIGN_IDENTITY = "iPhone Developer";
				COPY_PHASE_STRIP = NO;
				DEBUG_INFORMATION_FORMAT = dwarf;
				ENABLE_STRICT_OBJC_MSGSEND = YES;
				ENABLE_TESTABILITY = YES;
				GCC_C_LANGUAGE_STANDARD = gnu11;
				GCC_DYNAMIC_NO_PIC = NO;
				GCC_NO_COMMON_BLOCKS = YES;
				GCC_OPTIMIZATION_LEVEL = 0;
				GCC_PREPROCESSOR_DEFINITIONS = (
					"DEBUG=1",
					"$(inherited)",
				);
				GCC_WARN_64_TO_32_BIT_CONVERSION = YES;
				GCC_WARN_ABOUT_RETURN_TYPE = YES_ERROR;
				GCC_WARN_UNDECLARED_SELECTOR = YES;
				GCC_WARN_UNINITIALIZED_AUTOS = YES_AGGRESSIVE;
				GCC_WARN_UNUSED_FUNCTION = YES;
				GCC_WARN_UNUSED_VARIABLE = YES;
				IPHONEOS_DEPLOYMENT_TARGET = 11.1;
				MTL_ENABLE_DEBUG_INFO = YES;
				ONLY_ACTIVE_ARCH = YES;
				SDKROOT = iphoneos;
				SWIFT_ACTIVE_COMPILATION_CONDITIONS = DEBUG;
				SWIFT_OPTIMIZATION_LEVEL = "-Onone";
			};
			name = Debug;
		};
		0D4E64641FBEDA5E00801580 /* Release */ = {
			isa = XCBuildConfiguration;
			buildSettings = {
				ALWAYS_SEARCH_USER_PATHS = NO;
				CLANG_ANALYZER_NONNULL = YES;
				CLANG_ANALYZER_NUMBER_OBJECT_CONVERSION = YES_AGGRESSIVE;
				CLANG_CXX_LANGUAGE_STANDARD = "gnu++14";
				CLANG_CXX_LIBRARY = "libc++";
				CLANG_ENABLE_MODULES = YES;
				CLANG_ENABLE_OBJC_ARC = YES;
				CLANG_WARN_BLOCK_CAPTURE_AUTORELEASING = YES;
				CLANG_WARN_BOOL_CONVERSION = YES;
				CLANG_WARN_COMMA = YES;
				CLANG_WARN_CONSTANT_CONVERSION = YES;
				CLANG_WARN_DIRECT_OBJC_ISA_USAGE = YES_ERROR;
				CLANG_WARN_DOCUMENTATION_COMMENTS = YES;
				CLANG_WARN_EMPTY_BODY = YES;
				CLANG_WARN_ENUM_CONVERSION = YES;
				CLANG_WARN_INFINITE_RECURSION = YES;
				CLANG_WARN_INT_CONVERSION = YES;
				CLANG_WARN_NON_LITERAL_NULL_CONVERSION = YES;
				CLANG_WARN_OBJC_LITERAL_CONVERSION = YES;
				CLANG_WARN_OBJC_ROOT_CLASS = YES_ERROR;
				CLANG_WARN_RANGE_LOOP_ANALYSIS = YES;
				CLANG_WARN_STRICT_PROTOTYPES = YES;
				CLANG_WARN_SUSPICIOUS_MOVE = YES;
				CLANG_WARN_UNGUARDED_AVAILABILITY = YES_AGGRESSIVE;
				CLANG_WARN_UNREACHABLE_CODE = YES;
				CLANG_WARN__DUPLICATE_METHOD_MATCH = YES;
				CODE_SIGN_IDENTITY = "iPhone Developer";
				COPY_PHASE_STRIP = NO;
				DEBUG_INFORMATION_FORMAT = "dwarf-with-dsym";
				ENABLE_NS_ASSERTIONS = NO;
				ENABLE_STRICT_OBJC_MSGSEND = YES;
				GCC_C_LANGUAGE_STANDARD = gnu11;
				GCC_NO_COMMON_BLOCKS = YES;
				GCC_WARN_64_TO_32_BIT_CONVERSION = YES;
				GCC_WARN_ABOUT_RETURN_TYPE = YES_ERROR;
				GCC_WARN_UNDECLARED_SELECTOR = YES;
				GCC_WARN_UNINITIALIZED_AUTOS = YES_AGGRESSIVE;
				GCC_WARN_UNUSED_FUNCTION = YES;
				GCC_WARN_UNUSED_VARIABLE = YES;
				IPHONEOS_DEPLOYMENT_TARGET = 11.1;
				MTL_ENABLE_DEBUG_INFO = NO;
				SDKROOT = iphoneos;
				SWIFT_OPTIMIZATION_LEVEL = "-Owholemodule";
				VALIDATE_PRODUCT = YES;
			};
			name = Release;
		};
		0D4E64661FBEDA5E00801580 /* Debug */ = {
			isa = XCBuildConfiguration;
			baseConfigurationReference = 85A199C262AA40D8A65E50DB /* Pods-FastPost.debug.xcconfig */;
			buildSettings = {
				ASSETCATALOG_COMPILER_APPICON_NAME = AppIcon;
				CODE_SIGN_STYLE = Automatic;
				INFOPLIST_FILE = FastPost/Info.plist;
				LD_RUNPATH_SEARCH_PATHS = "$(inherited) @executable_path/Frameworks";
				PRODUCT_BUNDLE_IDENTIFIER = com.dabu.FastPost;
				PRODUCT_NAME = "$(TARGET_NAME)";
				SWIFT_VERSION = 4.0;
				TARGETED_DEVICE_FAMILY = "1,2";
			};
			name = Debug;
		};
		0D4E64671FBEDA5E00801580 /* Release */ = {
			isa = XCBuildConfiguration;
			baseConfigurationReference = 7C7BACC80BD73CAA334600A0 /* Pods-FastPost.release.xcconfig */;
			buildSettings = {
				ASSETCATALOG_COMPILER_APPICON_NAME = AppIcon;
				CODE_SIGN_STYLE = Automatic;
				INFOPLIST_FILE = FastPost/Info.plist;
				LD_RUNPATH_SEARCH_PATHS = "$(inherited) @executable_path/Frameworks";
				PRODUCT_BUNDLE_IDENTIFIER = com.dabu.FastPost;
				PRODUCT_NAME = "$(TARGET_NAME)";
				SWIFT_VERSION = 4.0;
				TARGETED_DEVICE_FAMILY = "1,2";
			};
			name = Release;
		};
/* End XCBuildConfiguration section */

/* Begin XCConfigurationList section */
		0D4E644E1FBEDA5E00801580 /* Build configuration list for PBXProject "FastPost" */ = {
			isa = XCConfigurationList;
			buildConfigurations = (
				0D4E64631FBEDA5E00801580 /* Debug */,
				0D4E64641FBEDA5E00801580 /* Release */,
			);
			defaultConfigurationIsVisible = 0;
			defaultConfigurationName = Release;
		};
		0D4E64651FBEDA5E00801580 /* Build configuration list for PBXNativeTarget "FastPost" */ = {
			isa = XCConfigurationList;
			buildConfigurations = (
				0D4E64661FBEDA5E00801580 /* Debug */,
				0D4E64671FBEDA5E00801580 /* Release */,
			);
			defaultConfigurationIsVisible = 0;
			defaultConfigurationName = Release;
		};
/* End XCConfigurationList section */
	};
	rootObject = 0D4E644B1FBEDA5E00801580 /* Project object */;
}
