// !$*UTF8*$!
{
	archiveVersion = 1;
	classes = {
	};
	objectVersion = 48;
	objects = {

/* Begin PBXBuildFile section */
		CEE871B11FD9240D005E6339 /* AppDelegate.swift in Sources */ = {isa = PBXBuildFile; fileRef = CEE871B01FD9240D005E6339 /* AppDelegate.swift */; };
		CEE871B31FD9240D005E6339 /* ViewController.swift in Sources */ = {isa = PBXBuildFile; fileRef = CEE871B21FD9240D005E6339 /* ViewController.swift */; };
		CEE871B61FD9240D005E6339 /* Main.storyboard in Resources */ = {isa = PBXBuildFile; fileRef = CEE871B41FD9240D005E6339 /* Main.storyboard */; };
		CEE871B81FD9240D005E6339 /* Assets.xcassets in Resources */ = {isa = PBXBuildFile; fileRef = CEE871B71FD9240D005E6339 /* Assets.xcassets */; };
		CEE871BB1FD9240D005E6339 /* LaunchScreen.storyboard in Resources */ = {isa = PBXBuildFile; fileRef = CEE871B91FD9240D005E6339 /* LaunchScreen.storyboard */; };
		CEE871C61FD925F2005E6339 /* View.xib in Resources */ = {isa = PBXBuildFile; fileRef = CEE871C51FD925F2005E6339 /* View.xib */; };
		CEE871C81FD929CB005E6339 /* PopView.swift in Sources */ = {isa = PBXBuildFile; fileRef = CEE871C71FD929CB005E6339 /* PopView.swift */; };
/* End PBXBuildFile section */

/* Begin PBXFileReference section */
		CEE871AD1FD9240D005E6339 /* FinalPopView.app */ = {isa = PBXFileReference; explicitFileType = wrapper.application; includeInIndex = 0; path = FinalPopView.app; sourceTree = BUILT_PRODUCTS_DIR; };
		CEE871B01FD9240D005E6339 /* AppDelegate.swift */ = {isa = PBXFileReference; lastKnownFileType = sourcecode.swift; path = AppDelegate.swift; sourceTree = "<group>"; };
		CEE871B21FD9240D005E6339 /* ViewController.swift */ = {isa = PBXFileReference; lastKnownFileType = sourcecode.swift; path = ViewController.swift; sourceTree = "<group>"; };
		CEE871B51FD9240D005E6339 /* Base */ = {isa = PBXFileReference; lastKnownFileType = file.storyboard; name = Base; path = Base.lproj/Main.storyboard; sourceTree = "<group>"; };
		CEE871B71FD9240D005E6339 /* Assets.xcassets */ = {isa = PBXFileReference; lastKnownFileType = folder.assetcatalog; path = Assets.xcassets; sourceTree = "<group>"; };
		CEE871BA1FD9240D005E6339 /* Base */ = {isa = PBXFileReference; lastKnownFileType = file.storyboard; name = Base; path = Base.lproj/LaunchScreen.storyboard; sourceTree = "<group>"; };
		CEE871BC1FD9240D005E6339 /* Info.plist */ = {isa = PBXFileReference; lastKnownFileType = text.plist.xml; path = Info.plist; sourceTree = "<group>"; };
		CEE871C51FD925F2005E6339 /* View.xib */ = {isa = PBXFileReference; lastKnownFileType = file.xib; path = View.xib; sourceTree = "<group>"; };
		CEE871C71FD929CB005E6339 /* PopView.swift */ = {isa = PBXFileReference; lastKnownFileType = sourcecode.swift; path = PopView.swift; sourceTree = "<group>"; };
/* End PBXFileReference section */

/* Begin PBXFrameworksBuildPhase section */
		CEE871AA1FD9240D005E6339 /* Frameworks */ = {
			isa = PBXFrameworksBuildPhase;
			buildActionMask = 2147483647;
			files = (
			);
			runOnlyForDeploymentPostprocessing = 0;
		};
/* End PBXFrameworksBuildPhase section */

/* Begin PBXGroup section */
		CEE871A41FD9240D005E6339 = {
			isa = PBXGroup;
			children = (
				CEE871AF1FD9240D005E6339 /* FinalPopView */,
				CEE871AE1FD9240D005E6339 /* Products */,
			);
			sourceTree = "<group>";
		};
		CEE871AE1FD9240D005E6339 /* Products */ = {
			isa = PBXGroup;
			children = (
				CEE871AD1FD9240D005E6339 /* FinalPopView.app */,
			);
			name = Products;
			sourceTree = "<group>";
		};
		CEE871AF1FD9240D005E6339 /* FinalPopView */ = {
			isa = PBXGroup;
			children = (
				CEE871C21FD9243C005E6339 /* SY */,
				CEE871B01FD9240D005E6339 /* AppDelegate.swift */,
				CEE871B21FD9240D005E6339 /* ViewController.swift */,
				CEE871B41FD9240D005E6339 /* Main.storyboard */,
				CEE871B71FD9240D005E6339 /* Assets.xcassets */,
				CEE871B91FD9240D005E6339 /* LaunchScreen.storyboard */,
				CEE871BC1FD9240D005E6339 /* Info.plist */,
			);
			path = FinalPopView;
			sourceTree = "<group>";
		};
		CEE871C21FD9243C005E6339 /* SY */ = {
			isa = PBXGroup;
			children = (
				CEE871C41FD92467005E6339 /* View */,
			);
			path = SY;
			sourceTree = "<group>";
		};
		CEE871C41FD92467005E6339 /* View */ = {
			isa = PBXGroup;
			children = (
				CEE871C51FD925F2005E6339 /* View.xib */,
				CEE871C71FD929CB005E6339 /* PopView.swift */,
			);
			path = View;
			sourceTree = "<group>";
		};
/* End PBXGroup section */

/* Begin PBXNativeTarget section */
		CEE871AC1FD9240D005E6339 /* FinalPopView */ = {
			isa = PBXNativeTarget;
			buildConfigurationList = CEE871BF1FD9240D005E6339 /* Build configuration list for PBXNativeTarget "FinalPopView" */;
			buildPhases = (
				CEE871A91FD9240D005E6339 /* Sources */,
				CEE871AA1FD9240D005E6339 /* Frameworks */,
				CEE871AB1FD9240D005E6339 /* Resources */,
			);
			buildRules = (
			);
			dependencies = (
			);
			name = FinalPopView;
			productName = FinalPopView;
			productReference = CEE871AD1FD9240D005E6339 /* FinalPopView.app */;
			productType = "com.apple.product-type.application";
		};
/* End PBXNativeTarget section */

/* Begin PBXProject section */
		CEE871A51FD9240D005E6339 /* Project object */ = {
			isa = PBXProject;
			attributes = {
				LastSwiftUpdateCheck = 0910;
				LastUpgradeCheck = 0910;
				ORGANIZATIONNAME = "SONGYEE SHIN";
				TargetAttributes = {
					CEE871AC1FD9240D005E6339 = {
						CreatedOnToolsVersion = 9.1;
						ProvisioningStyle = Automatic;
					};
				};
			};
			buildConfigurationList = CEE871A81FD9240D005E6339 /* Build configuration list for PBXProject "FinalPopView" */;
			compatibilityVersion = "Xcode 8.0";
			developmentRegion = en;
			hasScannedForEncodings = 0;
			knownRegions = (
				en,
				Base,
			);
			mainGroup = CEE871A41FD9240D005E6339;
			productRefGroup = CEE871AE1FD9240D005E6339 /* Products */;
			projectDirPath = "";
			projectRoot = "";
			targets = (
				CEE871AC1FD9240D005E6339 /* FinalPopView */,
			);
		};
/* End PBXProject section */

/* Begin PBXResourcesBuildPhase section */
		CEE871AB1FD9240D005E6339 /* Resources */ = {
			isa = PBXResourcesBuildPhase;
			buildActionMask = 2147483647;
			files = (
				CEE871C61FD925F2005E6339 /* View.xib in Resources */,
				CEE871BB1FD9240D005E6339 /* LaunchScreen.storyboard in Resources */,
				CEE871B81FD9240D005E6339 /* Assets.xcassets in Resources */,
				CEE871B61FD9240D005E6339 /* Main.storyboard in Resources */,
			);
			runOnlyForDeploymentPostprocessing = 0;
		};
/* End PBXResourcesBuildPhase section */

/* Begin PBXSourcesBuildPhase section */
		CEE871A91FD9240D005E6339 /* Sources */ = {
			isa = PBXSourcesBuildPhase;
			buildActionMask = 2147483647;
			files = (
				CEE871B31FD9240D005E6339 /* ViewController.swift in Sources */,
				CEE871C81FD929CB005E6339 /* PopView.swift in Sources */,
				CEE871B11FD9240D005E6339 /* AppDelegate.swift in Sources */,
			);
			runOnlyForDeploymentPostprocessing = 0;
		};
/* End PBXSourcesBuildPhase section */

/* Begin PBXVariantGroup section */
		CEE871B41FD9240D005E6339 /* Main.storyboard */ = {
			isa = PBXVariantGroup;
			children = (
				CEE871B51FD9240D005E6339 /* Base */,
			);
			name = Main.storyboard;
			sourceTree = "<group>";
		};
		CEE871B91FD9240D005E6339 /* LaunchScreen.storyboard */ = {
			isa = PBXVariantGroup;
			children = (
				CEE871BA1FD9240D005E6339 /* Base */,
			);
			name = LaunchScreen.storyboard;
			sourceTree = "<group>";
		};
/* End PBXVariantGroup section */

/* Begin XCBuildConfiguration section */
		CEE871BD1FD9240D005E6339 /* Debug */ = {
			isa = XCBuildConfiguration;
			buildSettings = {
				ALWAYS_SEARCH_USER_PATHS = NO;
				CLANG_ANALYZER_NONNULL = YES;
				CLANG_ANALYZER_NUMBER_OBJECT_CONVERSION = YES_AGGRESSIVE;
				CLANG_CXX_LANGUAGE_STANDARD = "gnu++14";
				CLANG_CXX_LIBRARY = "libc++";
				CLANG_ENABLE_MODULES = YES;
				CLANG_ENABLE_OBJC_ARC = YES;
				CLANG_WARN_BLOCK_CAPTURE_AUTORELEASING = YES;
				CLANG_WARN_BOOL_CONVERSION = YES;
				CLANG_WARN_COMMA = YES;
				CLANG_WARN_CONSTANT_CONVERSION = YES;
				CLANG_WARN_DIRECT_OBJC_ISA_USAGE = YES_ERROR;
				CLANG_WARN_DOCUMENTATION_COMMENTS = YES;
				CLANG_WARN_EMPTY_BODY = YES;
				CLANG_WARN_ENUM_CONVERSION = YES;
				CLANG_WARN_INFINITE_RECURSION = YES;
				CLANG_WARN_INT_CONVERSION = YES;
				CLANG_WARN_NON_LITERAL_NULL_CONVERSION = YES;
				CLANG_WARN_OBJC_LITERAL_CONVERSION = YES;
				CLANG_WARN_OBJC_ROOT_CLASS = YES_ERROR;
				CLANG_WARN_RANGE_LOOP_ANALYSIS = YES;
				CLANG_WARN_STRICT_PROTOTYPES = YES;
				CLANG_WARN_SUSPICIOUS_MOVE = YES;
				CLANG_WARN_UNGUARDED_AVAILABILITY = YES_AGGRESSIVE;
				CLANG_WARN_UNREACHABLE_CODE = YES;
				CLANG_WARN__DUPLICATE_METHOD_MATCH = YES;
				CODE_SIGN_IDENTITY = "iPhone Developer";
				COPY_PHASE_STRIP = NO;
				DEBUG_INFORMATION_FORMAT = dwarf;
				ENABLE_STRICT_OBJC_MSGSEND = YES;
				ENABLE_TESTABILITY = YES;
				GCC_C_LANGUAGE_STANDARD = gnu11;
				GCC_DYNAMIC_NO_PIC = NO;
				GCC_NO_COMMON_BLOCKS = YES;
				GCC_OPTIMIZATION_LEVEL = 0;
				GCC_PREPROCESSOR_DEFINITIONS = (
					"DEBUG=1",
					"$(inherited)",
				);
				GCC_WARN_64_TO_32_BIT_CONVERSION = YES;
				GCC_WARN_ABOUT_RETURN_TYPE = YES_ERROR;
				GCC_WARN_UNDECLARED_SELECTOR = YES;
				GCC_WARN_UNINITIALIZED_AUTOS = YES_AGGRESSIVE;
				GCC_WARN_UNUSED_FUNCTION = YES;
				GCC_WARN_UNUSED_VARIABLE = YES;
				IPHONEOS_DEPLOYMENT_TARGET = 11.1;
				MTL_ENABLE_DEBUG_INFO = YES;
				ONLY_ACTIVE_ARCH = YES;
				SDKROOT = iphoneos;
				SWIFT_ACTIVE_COMPILATION_CONDITIONS = DEBUG;
				SWIFT_OPTIMIZATION_LEVEL = "-Onone";
			};
			name = Debug;
		};
		CEE871BE1FD9240D005E6339 /* Release */ = {
			isa = XCBuildConfiguration;
			buildSettings = {
				ALWAYS_SEARCH_USER_PATHS = NO;
				CLANG_ANALYZER_NONNULL = YES;
				CLANG_ANALYZER_NUMBER_OBJECT_CONVERSION = YES_AGGRESSIVE;
				CLANG_CXX_LANGUAGE_STANDARD = "gnu++14";
				CLANG_CXX_LIBRARY = "libc++";
				CLANG_ENABLE_MODULES = YES;
				CLANG_ENABLE_OBJC_ARC = YES;
				CLANG_WARN_BLOCK_CAPTURE_AUTORELEASING = YES;
				CLANG_WARN_BOOL_CONVERSION = YES;
				CLANG_WARN_COMMA = YES;
				CLANG_WARN_CONSTANT_CONVERSION = YES;
				CLANG_WARN_DIRECT_OBJC_ISA_USAGE = YES_ERROR;
				CLANG_WARN_DOCUMENTATION_COMMENTS = YES;
				CLANG_WARN_EMPTY_BODY = YES;
				CLANG_WARN_ENUM_CONVERSION = YES;
				CLANG_WARN_INFINITE_RECURSION = YES;
				CLANG_WARN_INT_CONVERSION = YES;
				CLANG_WARN_NON_LITERAL_NULL_CONVERSION = YES;
				CLANG_WARN_OBJC_LITERAL_CONVERSION = YES;
				CLANG_WARN_OBJC_ROOT_CLASS = YES_ERROR;
				CLANG_WARN_RANGE_LOOP_ANALYSIS = YES;
				CLANG_WARN_STRICT_PROTOTYPES = YES;
				CLANG_WARN_SUSPICIOUS_MOVE = YES;
				CLANG_WARN_UNGUARDED_AVAILABILITY = YES_AGGRESSIVE;
				CLANG_WARN_UNREACHABLE_CODE = YES;
				CLANG_WARN__DUPLICATE_METHOD_MATCH = YES;
				CODE_SIGN_IDENTITY = "iPhone Developer";
				COPY_PHASE_STRIP = NO;
				DEBUG_INFORMATION_FORMAT = "dwarf-with-dsym";
				ENABLE_NS_ASSERTIONS = NO;
				ENABLE_STRICT_OBJC_MSGSEND = YES;
				GCC_C_LANGUAGE_STANDARD = gnu11;
				GCC_NO_COMMON_BLOCKS = YES;
				GCC_WARN_64_TO_32_BIT_CONVERSION = YES;
				GCC_WARN_ABOUT_RETURN_TYPE = YES_ERROR;
				GCC_WARN_UNDECLARED_SELECTOR = YES;
				GCC_WARN_UNINITIALIZED_AUTOS = YES_AGGRESSIVE;
				GCC_WARN_UNUSED_FUNCTION = YES;
				GCC_WARN_UNUSED_VARIABLE = YES;
				IPHONEOS_DEPLOYMENT_TARGET = 11.1;
				MTL_ENABLE_DEBUG_INFO = NO;
				SDKROOT = iphoneos;
				SWIFT_OPTIMIZATION_LEVEL = "-Owholemodule";
				VALIDATE_PRODUCT = YES;
			};
			name = Release;
		};
		CEE871C01FD9240D005E6339 /* Debug */ = {
			isa = XCBuildConfiguration;
			buildSettings = {
				ASSETCATALOG_COMPILER_APPICON_NAME = AppIcon;
				CODE_SIGN_STYLE = Automatic;
				DEVELOPMENT_TEAM = G4MM77V7NH;
				INFOPLIST_FILE = FinalPopView/Info.plist;
				LD_RUNPATH_SEARCH_PATHS = "$(inherited) @executable_path/Frameworks";
				PRODUCT_BUNDLE_IDENTIFIER = com.ssy.FinalPopView;
				PRODUCT_NAME = "$(TARGET_NAME)";
				SWIFT_VERSION = 4.0;
				TARGETED_DEVICE_FAMILY = "1,2";
			};
			name = Debug;
		};
		CEE871C11FD9240D005E6339 /* Release */ = {
			isa = XCBuildConfiguration;
			buildSettings = {
				ASSETCATALOG_COMPILER_APPICON_NAME = AppIcon;
				CODE_SIGN_STYLE = Automatic;
				DEVELOPMENT_TEAM = G4MM77V7NH;
				INFOPLIST_FILE = FinalPopView/Info.plist;
				LD_RUNPATH_SEARCH_PATHS = "$(inherited) @executable_path/Frameworks";
				PRODUCT_BUNDLE_IDENTIFIER = com.ssy.FinalPopView;
				PRODUCT_NAME = "$(TARGET_NAME)";
				SWIFT_VERSION = 4.0;
				TARGETED_DEVICE_FAMILY = "1,2";
			};
			name = Release;
		};
/* End XCBuildConfiguration section */

/* Begin XCConfigurationList section */
		CEE871A81FD9240D005E6339 /* Build configuration list for PBXProject "FinalPopView" */ = {
			isa = XCConfigurationList;
			buildConfigurations = (
				CEE871BD1FD9240D005E6339 /* Debug */,
				CEE871BE1FD9240D005E6339 /* Release */,
			);
			defaultConfigurationIsVisible = 0;
			defaultConfigurationName = Release;
		};
		CEE871BF1FD9240D005E6339 /* Build configuration list for PBXNativeTarget "FinalPopView" */ = {
			isa = XCConfigurationList;
			buildConfigurations = (
				CEE871C01FD9240D005E6339 /* Debug */,
				CEE871C11FD9240D005E6339 /* Release */,
			);
			defaultConfigurationIsVisible = 0;
			defaultConfigurationName = Release;
		};
/* End XCConfigurationList section */
	};
	rootObject = CEE871A51FD9240D005E6339 /* Project object */;
}
